// !$*UTF8*$!
{
	archiveVersion = 1;
	classes = {
	};
	objectVersion = 56;
	objects = {

/* Begin PBXBuildFile section */
		BE76A9B02C2A2602009113B4 /* AppDelegate.swift in Sources */ = {isa = PBXBuildFile; fileRef = BE76A9AF2C2A2602009113B4 /* AppDelegate.swift */; };
		BE76A9B62C2A2602009113B4 /* GameScene.swift in Sources */ = {isa = PBXBuildFile; fileRef = BE76A9B52C2A2602009113B4 /* GameScene.swift */; };
		BE76A9B82C2A2602009113B4 /* GameViewController.swift in Sources */ = {isa = PBXBuildFile; fileRef = BE76A9B72C2A2602009113B4 /* GameViewController.swift */; };
		BE76A9BB2C2A2602009113B4 /* Base in Resources */ = {isa = PBXBuildFile; fileRef = BE76A9BA2C2A2602009113B4 /* Base */; };
		BE76A9BD2C2A2603009113B4 /* Assets.xcassets in Resources */ = {isa = PBXBuildFile; fileRef = BE76A9BC2C2A2603009113B4 /* Assets.xcassets */; };
		BE76A9C02C2A2603009113B4 /* Base in Resources */ = {isa = PBXBuildFile; fileRef = BE76A9BF2C2A2603009113B4 /* Base */; };
		BE76A9E52C2A3EDA009113B4 /* black_bishop.png in Resources */ = {isa = PBXBuildFile; fileRef = BE76A9C82C2A3EDA009113B4 /* black_bishop.png */; };
		BE76A9E62C2A3EDA009113B4 /* black_king.png in Resources */ = {isa = PBXBuildFile; fileRef = BE76A9C92C2A3EDA009113B4 /* black_king.png */; };
		BE76A9E72C2A3EDA009113B4 /* black_knight.png in Resources */ = {isa = PBXBuildFile; fileRef = BE76A9CA2C2A3EDA009113B4 /* black_knight.png */; };
		BE76A9E82C2A3EDA009113B4 /* black_pawn.png in Resources */ = {isa = PBXBuildFile; fileRef = BE76A9CB2C2A3EDA009113B4 /* black_pawn.png */; };
		BE76A9E92C2A3EDA009113B4 /* black_queen.png in Resources */ = {isa = PBXBuildFile; fileRef = BE76A9CC2C2A3EDA009113B4 /* black_queen.png */; };
		BE76A9EA2C2A3EDA009113B4 /* black_rook.png in Resources */ = {isa = PBXBuildFile; fileRef = BE76A9CD2C2A3EDA009113B4 /* black_rook.png */; };
		BE76A9EB2C2A3EDA009113B4 /* white_bishop.png in Resources */ = {isa = PBXBuildFile; fileRef = BE76A9CE2C2A3EDA009113B4 /* white_bishop.png */; };
		BE76A9EC2C2A3EDA009113B4 /* white_king.png in Resources */ = {isa = PBXBuildFile; fileRef = BE76A9CF2C2A3EDA009113B4 /* white_king.png */; };
		BE76A9ED2C2A3EDA009113B4 /* white_knight.png in Resources */ = {isa = PBXBuildFile; fileRef = BE76A9D02C2A3EDA009113B4 /* white_knight.png */; };
		BE76A9EE2C2A3EDA009113B4 /* white_pawn.png in Resources */ = {isa = PBXBuildFile; fileRef = BE76A9D12C2A3EDA009113B4 /* white_pawn.png */; };
		BE76A9EF2C2A3EDA009113B4 /* white_queen.png in Resources */ = {isa = PBXBuildFile; fileRef = BE76A9D22C2A3EDA009113B4 /* white_queen.png */; };
		BE76A9F02C2A3EDA009113B4 /* white_rook.png in Resources */ = {isa = PBXBuildFile; fileRef = BE76A9D32C2A3EDA009113B4 /* white_rook.png */; };
		BE76A9F12C2A3EDA009113B4 /* bb.png in Resources */ = {isa = PBXBuildFile; fileRef = BE76A9D52C2A3EDA009113B4 /* bb.png */; };
		BE76A9F22C2A3EDA009113B4 /* bk.png in Resources */ = {isa = PBXBuildFile; fileRef = BE76A9D62C2A3EDA009113B4 /* bk.png */; };
		BE76A9F32C2A3EDA009113B4 /* bn.png in Resources */ = {isa = PBXBuildFile; fileRef = BE76A9D72C2A3EDA009113B4 /* bn.png */; };
		BE76A9F42C2A3EDA009113B4 /* bp.png in Resources */ = {isa = PBXBuildFile; fileRef = BE76A9D82C2A3EDA009113B4 /* bp.png */; };
		BE76A9F52C2A3EDA009113B4 /* bq.png in Resources */ = {isa = PBXBuildFile; fileRef = BE76A9D92C2A3EDA009113B4 /* bq.png */; };
		BE76A9F62C2A3EDA009113B4 /* br.png in Resources */ = {isa = PBXBuildFile; fileRef = BE76A9DA2C2A3EDA009113B4 /* br.png */; };
		BE76A9F72C2A3EDA009113B4 /* wb.png in Resources */ = {isa = PBXBuildFile; fileRef = BE76A9DB2C2A3EDA009113B4 /* wb.png */; };
		BE76A9F82C2A3EDA009113B4 /* wk.png in Resources */ = {isa = PBXBuildFile; fileRef = BE76A9DC2C2A3EDA009113B4 /* wk.png */; };
		BE76A9F92C2A3EDA009113B4 /* wn.png in Resources */ = {isa = PBXBuildFile; fileRef = BE76A9DD2C2A3EDA009113B4 /* wn.png */; };
		BE76A9FA2C2A3EDA009113B4 /* wp.png in Resources */ = {isa = PBXBuildFile; fileRef = BE76A9DE2C2A3EDA009113B4 /* wp.png */; };
		BE76A9FB2C2A3EDA009113B4 /* wq.png in Resources */ = {isa = PBXBuildFile; fileRef = BE76A9DF2C2A3EDA009113B4 /* wq.png */; };
		BE76A9FC2C2A3EDA009113B4 /* wr.png in Resources */ = {isa = PBXBuildFile; fileRef = BE76A9E02C2A3EDA009113B4 /* wr.png */; };
		BE76A9FD2C2A3EDA009113B4 /* Carmen-habanera.mp3 in Resources */ = {isa = PBXBuildFile; fileRef = BE76A9E22C2A3EDA009113B4 /* Carmen-habanera.mp3 */; };
		BE76AA3E2C30DF82009113B4 /* GameState.swift in Sources */ = {isa = PBXBuildFile; fileRef = BE76AA3D2C30DF82009113B4 /* GameState.swift */; };
		BE76AA402C3720EE009113B4 /* PieceRules.swift in Sources */ = {isa = PBXBuildFile; fileRef = BE76AA3F2C3720EE009113B4 /* PieceRules.swift */; };
		BE76AA422C3E34C6009113B4 /* to_do.txt in Resources */ = {isa = PBXBuildFile; fileRef = BE76AA412C3E34C6009113B4 /* to_do.txt */; };
		BE76AA482C3F07F1009113B4 /* MainMenuView.swift in Sources */ = {isa = PBXBuildFile; fileRef = BE76AA472C3F07F1009113B4 /* MainMenuView.swift */; };
/* End PBXBuildFile section */

/* Begin PBXFileReference section */
		BE76A9AC2C2A2602009113B4 /* Chexx.app */ = {isa = PBXFileReference; explicitFileType = wrapper.application; includeInIndex = 0; path = Chexx.app; sourceTree = BUILT_PRODUCTS_DIR; };
		BE76A9AF2C2A2602009113B4 /* AppDelegate.swift */ = {isa = PBXFileReference; lastKnownFileType = sourcecode.swift; path = AppDelegate.swift; sourceTree = "<group>"; };
		BE76A9B52C2A2602009113B4 /* GameScene.swift */ = {isa = PBXFileReference; lastKnownFileType = sourcecode.swift; path = GameScene.swift; sourceTree = "<group>"; };
		BE76A9B72C2A2602009113B4 /* GameViewController.swift */ = {isa = PBXFileReference; lastKnownFileType = sourcecode.swift; path = GameViewController.swift; sourceTree = "<group>"; };
		BE76A9BA2C2A2602009113B4 /* Base */ = {isa = PBXFileReference; lastKnownFileType = file.storyboard; name = Base; path = Base.lproj/Main.storyboard; sourceTree = "<group>"; };
		BE76A9BC2C2A2603009113B4 /* Assets.xcassets */ = {isa = PBXFileReference; lastKnownFileType = folder.assetcatalog; path = Assets.xcassets; sourceTree = "<group>"; };
		BE76A9BF2C2A2603009113B4 /* Base */ = {isa = PBXFileReference; lastKnownFileType = file.storyboard; name = Base; path = Base.lproj/LaunchScreen.storyboard; sourceTree = "<group>"; };
		BE76A9C82C2A3EDA009113B4 /* black_bishop.png */ = {isa = PBXFileReference; lastKnownFileType = image.png; path = black_bishop.png; sourceTree = "<group>"; };
		BE76A9C92C2A3EDA009113B4 /* black_king.png */ = {isa = PBXFileReference; lastKnownFileType = image.png; path = black_king.png; sourceTree = "<group>"; };
		BE76A9CA2C2A3EDA009113B4 /* black_knight.png */ = {isa = PBXFileReference; lastKnownFileType = image.png; path = black_knight.png; sourceTree = "<group>"; };
		BE76A9CB2C2A3EDA009113B4 /* black_pawn.png */ = {isa = PBXFileReference; lastKnownFileType = image.png; path = black_pawn.png; sourceTree = "<group>"; };
		BE76A9CC2C2A3EDA009113B4 /* black_queen.png */ = {isa = PBXFileReference; lastKnownFileType = image.png; path = black_queen.png; sourceTree = "<group>"; };
		BE76A9CD2C2A3EDA009113B4 /* black_rook.png */ = {isa = PBXFileReference; lastKnownFileType = image.png; path = black_rook.png; sourceTree = "<group>"; };
		BE76A9CE2C2A3EDA009113B4 /* white_bishop.png */ = {isa = PBXFileReference; lastKnownFileType = image.png; path = white_bishop.png; sourceTree = "<group>"; };
		BE76A9CF2C2A3EDA009113B4 /* white_king.png */ = {isa = PBXFileReference; lastKnownFileType = image.png; path = white_king.png; sourceTree = "<group>"; };
		BE76A9D02C2A3EDA009113B4 /* white_knight.png */ = {isa = PBXFileReference; lastKnownFileType = image.png; path = white_knight.png; sourceTree = "<group>"; };
		BE76A9D12C2A3EDA009113B4 /* white_pawn.png */ = {isa = PBXFileReference; lastKnownFileType = image.png; path = white_pawn.png; sourceTree = "<group>"; };
		BE76A9D22C2A3EDA009113B4 /* white_queen.png */ = {isa = PBXFileReference; lastKnownFileType = image.png; path = white_queen.png; sourceTree = "<group>"; };
		BE76A9D32C2A3EDA009113B4 /* white_rook.png */ = {isa = PBXFileReference; lastKnownFileType = image.png; path = white_rook.png; sourceTree = "<group>"; };
		BE76A9D52C2A3EDA009113B4 /* bb.png */ = {isa = PBXFileReference; lastKnownFileType = image.png; path = bb.png; sourceTree = "<group>"; };
		BE76A9D62C2A3EDA009113B4 /* bk.png */ = {isa = PBXFileReference; lastKnownFileType = image.png; path = bk.png; sourceTree = "<group>"; };
		BE76A9D72C2A3EDA009113B4 /* bn.png */ = {isa = PBXFileReference; lastKnownFileType = image.png; path = bn.png; sourceTree = "<group>"; };
		BE76A9D82C2A3EDA009113B4 /* bp.png */ = {isa = PBXFileReference; lastKnownFileType = image.png; path = bp.png; sourceTree = "<group>"; };
		BE76A9D92C2A3EDA009113B4 /* bq.png */ = {isa = PBXFileReference; lastKnownFileType = image.png; path = bq.png; sourceTree = "<group>"; };
		BE76A9DA2C2A3EDA009113B4 /* br.png */ = {isa = PBXFileReference; lastKnownFileType = image.png; path = br.png; sourceTree = "<group>"; };
		BE76A9DB2C2A3EDA009113B4 /* wb.png */ = {isa = PBXFileReference; lastKnownFileType = image.png; path = wb.png; sourceTree = "<group>"; };
		BE76A9DC2C2A3EDA009113B4 /* wk.png */ = {isa = PBXFileReference; lastKnownFileType = image.png; path = wk.png; sourceTree = "<group>"; };
		BE76A9DD2C2A3EDA009113B4 /* wn.png */ = {isa = PBXFileReference; lastKnownFileType = image.png; path = wn.png; sourceTree = "<group>"; };
		BE76A9DE2C2A3EDA009113B4 /* wp.png */ = {isa = PBXFileReference; lastKnownFileType = image.png; path = wp.png; sourceTree = "<group>"; };
		BE76A9DF2C2A3EDA009113B4 /* wq.png */ = {isa = PBXFileReference; lastKnownFileType = image.png; path = wq.png; sourceTree = "<group>"; };
		BE76A9E02C2A3EDA009113B4 /* wr.png */ = {isa = PBXFileReference; lastKnownFileType = image.png; path = wr.png; sourceTree = "<group>"; };
		BE76A9E22C2A3EDA009113B4 /* Carmen-habanera.mp3 */ = {isa = PBXFileReference; lastKnownFileType = audio.mp3; path = "Carmen-habanera.mp3"; sourceTree = "<group>"; };
		BE76AA3D2C30DF82009113B4 /* GameState.swift */ = {isa = PBXFileReference; lastKnownFileType = sourcecode.swift; path = GameState.swift; sourceTree = "<group>"; };
		BE76AA3F2C3720EE009113B4 /* PieceRules.swift */ = {isa = PBXFileReference; lastKnownFileType = sourcecode.swift; path = PieceRules.swift; sourceTree = "<group>"; };
		BE76AA412C3E34C6009113B4 /* to_do.txt */ = {isa = PBXFileReference; lastKnownFileType = text; path = to_do.txt; sourceTree = "<group>"; };
		BE76AA472C3F07F1009113B4 /* MainMenuView.swift */ = {isa = PBXFileReference; lastKnownFileType = sourcecode.swift; path = MainMenuView.swift; sourceTree = "<group>"; };
/* End PBXFileReference section */

/* Begin PBXFrameworksBuildPhase section */
		BE76A9A92C2A2602009113B4 /* Frameworks */ = {
			isa = PBXFrameworksBuildPhase;
			buildActionMask = 2147483647;
			files = (
			);
			runOnlyForDeploymentPostprocessing = 0;
		};
/* End PBXFrameworksBuildPhase section */

/* Begin PBXGroup section */
		BE76A9A32C2A2602009113B4 = {
			isa = PBXGroup;
			children = (
				BE76AA412C3E34C6009113B4 /* to_do.txt */,
				BE76A9AE2C2A2602009113B4 /* Chexx */,
				BE76A9AD2C2A2602009113B4 /* Products */,
			);
			sourceTree = "<group>";
		};
		BE76A9AD2C2A2602009113B4 /* Products */ = {
			isa = PBXGroup;
			children = (
				BE76A9AC2C2A2602009113B4 /* Chexx.app */,
			);
			name = Products;
			sourceTree = "<group>";
		};
		BE76A9AE2C2A2602009113B4 /* Chexx */ = {
			isa = PBXGroup;
			children = (
				BE76A9AF2C2A2602009113B4 /* AppDelegate.swift */,
				BE76AA472C3F07F1009113B4 /* MainMenuView.swift */,
				BE76A9B52C2A2602009113B4 /* GameScene.swift */,
				BE76AA3F2C3720EE009113B4 /* PieceRules.swift */,
				BE76AA3D2C30DF82009113B4 /* GameState.swift */,
				BE76A9B72C2A2602009113B4 /* GameViewController.swift */,
				BE76A9B92C2A2602009113B4 /* Main.storyboard */,
				BE76A9BC2C2A2603009113B4 /* Assets.xcassets */,
				BE76A9BE2C2A2603009113B4 /* LaunchScreen.storyboard */,
				BE76A9E42C2A3EDA009113B4 /* chess_assets */,
			);
			path = Chexx;
			sourceTree = "<group>";
		};
		BE76A9D42C2A3EDA009113B4 /* images */ = {
			isa = PBXGroup;
			children = (
				BE76A9C82C2A3EDA009113B4 /* black_bishop.png */,
				BE76A9C92C2A3EDA009113B4 /* black_king.png */,
				BE76A9CA2C2A3EDA009113B4 /* black_knight.png */,
				BE76A9CB2C2A3EDA009113B4 /* black_pawn.png */,
				BE76A9CC2C2A3EDA009113B4 /* black_queen.png */,
				BE76A9CD2C2A3EDA009113B4 /* black_rook.png */,
				BE76A9CE2C2A3EDA009113B4 /* white_bishop.png */,
				BE76A9CF2C2A3EDA009113B4 /* white_king.png */,
				BE76A9D02C2A3EDA009113B4 /* white_knight.png */,
				BE76A9D12C2A3EDA009113B4 /* white_pawn.png */,
				BE76A9D22C2A3EDA009113B4 /* white_queen.png */,
				BE76A9D32C2A3EDA009113B4 /* white_rook.png */,
			);
			path = images;
			sourceTree = "<group>";
		};
		BE76A9E12C2A3EDA009113B4 /* secondary_images */ = {
			isa = PBXGroup;
			children = (
				BE76A9D52C2A3EDA009113B4 /* bb.png */,
				BE76A9D62C2A3EDA009113B4 /* bk.png */,
				BE76A9D72C2A3EDA009113B4 /* bn.png */,
				BE76A9D82C2A3EDA009113B4 /* bp.png */,
				BE76A9D92C2A3EDA009113B4 /* bq.png */,
				BE76A9DA2C2A3EDA009113B4 /* br.png */,
				BE76A9DB2C2A3EDA009113B4 /* wb.png */,
				BE76A9DC2C2A3EDA009113B4 /* wk.png */,
				BE76A9DD2C2A3EDA009113B4 /* wn.png */,
				BE76A9DE2C2A3EDA009113B4 /* wp.png */,
				BE76A9DF2C2A3EDA009113B4 /* wq.png */,
				BE76A9E02C2A3EDA009113B4 /* wr.png */,
			);
			path = secondary_images;
			sourceTree = "<group>";
		};
		BE76A9E32C2A3EDA009113B4 /* songs */ = {
			isa = PBXGroup;
			children = (
				BE76A9E22C2A3EDA009113B4 /* Carmen-habanera.mp3 */,
			);
			path = songs;
			sourceTree = "<group>";
		};
		BE76A9E42C2A3EDA009113B4 /* chess_assets */ = {
			isa = PBXGroup;
			children = (
				BE76A9D42C2A3EDA009113B4 /* images */,
				BE76A9E12C2A3EDA009113B4 /* secondary_images */,
				BE76A9E32C2A3EDA009113B4 /* songs */,
			);
			path = chess_assets;
			sourceTree = "<group>";
		};
/* End PBXGroup section */

/* Begin PBXNativeTarget section */
		BE76A9AB2C2A2602009113B4 /* Chexx */ = {
			isa = PBXNativeTarget;
			buildConfigurationList = BE76A9C32C2A2603009113B4 /* Build configuration list for PBXNativeTarget "Chexx" */;
			buildPhases = (
				BE76A9A82C2A2602009113B4 /* Sources */,
				BE76A9A92C2A2602009113B4 /* Frameworks */,
				BE76A9AA2C2A2602009113B4 /* Resources */,
			);
			buildRules = (
			);
			dependencies = (
			);
			name = Chexx;
			productName = Chexx;
			productReference = BE76A9AC2C2A2602009113B4 /* Chexx.app */;
			productType = "com.apple.product-type.application";
		};
/* End PBXNativeTarget section */

/* Begin PBXProject section */
		BE76A9A42C2A2602009113B4 /* Project object */ = {
			isa = PBXProject;
			attributes = {
				BuildIndependentTargetsInParallel = 1;
				LastSwiftUpdateCheck = 1540;
				LastUpgradeCheck = 1540;
				TargetAttributes = {
					BE76A9AB2C2A2602009113B4 = {
						CreatedOnToolsVersion = 15.4;
					};
				};
			};
			buildConfigurationList = BE76A9A72C2A2602009113B4 /* Build configuration list for PBXProject "Chexx" */;
			compatibilityVersion = "Xcode 14.0";
			developmentRegion = en;
			hasScannedForEncodings = 0;
			knownRegions = (
				en,
				Base,
			);
			mainGroup = BE76A9A32C2A2602009113B4;
			productRefGroup = BE76A9AD2C2A2602009113B4 /* Products */;
			projectDirPath = "";
			projectRoot = "";
			targets = (
				BE76A9AB2C2A2602009113B4 /* Chexx */,
			);
		};
/* End PBXProject section */

/* Begin PBXResourcesBuildPhase section */
		BE76A9AA2C2A2602009113B4 /* Resources */ = {
			isa = PBXResourcesBuildPhase;
			buildActionMask = 2147483647;
			files = (
				BE76A9FD2C2A3EDA009113B4 /* Carmen-habanera.mp3 in Resources */,
				BE76A9F92C2A3EDA009113B4 /* wn.png in Resources */,
				BE76A9EF2C2A3EDA009113B4 /* white_queen.png in Resources */,
				BE76A9EB2C2A3EDA009113B4 /* white_bishop.png in Resources */,
				BE76A9EC2C2A3EDA009113B4 /* white_king.png in Resources */,
				BE76A9E82C2A3EDA009113B4 /* black_pawn.png in Resources */,
				BE76A9F62C2A3EDA009113B4 /* br.png in Resources */,
				BE76A9F02C2A3EDA009113B4 /* white_rook.png in Resources */,
				BE76A9F42C2A3EDA009113B4 /* bp.png in Resources */,
				BE76A9F32C2A3EDA009113B4 /* bn.png in Resources */,
				BE76A9FB2C2A3EDA009113B4 /* wq.png in Resources */,
				BE76AA422C3E34C6009113B4 /* to_do.txt in Resources */,
				BE76A9E92C2A3EDA009113B4 /* black_queen.png in Resources */,
				BE76A9F82C2A3EDA009113B4 /* wk.png in Resources */,
				BE76A9F72C2A3EDA009113B4 /* wb.png in Resources */,
				BE76A9F12C2A3EDA009113B4 /* bb.png in Resources */,
				BE76A9FA2C2A3EDA009113B4 /* wp.png in Resources */,
				BE76A9BB2C2A2602009113B4 /* Base in Resources */,
				BE76A9E62C2A3EDA009113B4 /* black_king.png in Resources */,
				BE76A9F52C2A3EDA009113B4 /* bq.png in Resources */,
				BE76A9BD2C2A2603009113B4 /* Assets.xcassets in Resources */,
				BE76A9E72C2A3EDA009113B4 /* black_knight.png in Resources */,
				BE76A9ED2C2A3EDA009113B4 /* white_knight.png in Resources */,
				BE76A9EA2C2A3EDA009113B4 /* black_rook.png in Resources */,
				BE76A9EE2C2A3EDA009113B4 /* white_pawn.png in Resources */,
				BE76A9FC2C2A3EDA009113B4 /* wr.png in Resources */,
				BE76A9F22C2A3EDA009113B4 /* bk.png in Resources */,
				BE76A9E52C2A3EDA009113B4 /* black_bishop.png in Resources */,
				BE76A9C02C2A2603009113B4 /* Base in Resources */,
			);
			runOnlyForDeploymentPostprocessing = 0;
		};
/* End PBXResourcesBuildPhase section */

/* Begin PBXSourcesBuildPhase section */
		BE76A9A82C2A2602009113B4 /* Sources */ = {
			isa = PBXSourcesBuildPhase;
			buildActionMask = 2147483647;
			files = (
				BE76AA482C3F07F1009113B4 /* MainMenuView.swift in Sources */,
				BE76A9B62C2A2602009113B4 /* GameScene.swift in Sources */,
				BE76AA3E2C30DF82009113B4 /* GameState.swift in Sources */,
				BE76A9B82C2A2602009113B4 /* GameViewController.swift in Sources */,
				BE76AA402C3720EE009113B4 /* PieceRules.swift in Sources */,
				BE76A9B02C2A2602009113B4 /* AppDelegate.swift in Sources */,
			);
			runOnlyForDeploymentPostprocessing = 0;
		};
/* End PBXSourcesBuildPhase section */

/* Begin PBXVariantGroup section */
		BE76A9B92C2A2602009113B4 /* Main.storyboard */ = {
			isa = PBXVariantGroup;
			children = (
				BE76A9BA2C2A2602009113B4 /* Base */,
			);
			name = Main.storyboard;
			sourceTree = "<group>";
		};
		BE76A9BE2C2A2603009113B4 /* LaunchScreen.storyboard */ = {
			isa = PBXVariantGroup;
			children = (
				BE76A9BF2C2A2603009113B4 /* Base */,
			);
			name = LaunchScreen.storyboard;
			sourceTree = "<group>";
		};
/* End PBXVariantGroup section */

/* Begin XCBuildConfiguration section */
		BE76A9C12C2A2603009113B4 /* Debug */ = {
			isa = XCBuildConfiguration;
			buildSettings = {
				ALWAYS_SEARCH_USER_PATHS = NO;
				ASSETCATALOG_COMPILER_GENERATE_SWIFT_ASSET_SYMBOL_EXTENSIONS = YES;
				CLANG_ANALYZER_NONNULL = YES;
				CLANG_ANALYZER_NUMBER_OBJECT_CONVERSION = YES_AGGRESSIVE;
				CLANG_CXX_LANGUAGE_STANDARD = "gnu++20";
				CLANG_ENABLE_MODULES = YES;
				CLANG_ENABLE_OBJC_ARC = YES;
				CLANG_ENABLE_OBJC_WEAK = YES;
				CLANG_WARN_BLOCK_CAPTURE_AUTORELEASING = YES;
				CLANG_WARN_BOOL_CONVERSION = YES;
				CLANG_WARN_COMMA = YES;
				CLANG_WARN_CONSTANT_CONVERSION = YES;
				CLANG_WARN_DEPRECATED_OBJC_IMPLEMENTATIONS = YES;
				CLANG_WARN_DIRECT_OBJC_ISA_USAGE = YES_ERROR;
				CLANG_WARN_DOCUMENTATION_COMMENTS = YES;
				CLANG_WARN_EMPTY_BODY = YES;
				CLANG_WARN_ENUM_CONVERSION = YES;
				CLANG_WARN_INFINITE_RECURSION = YES;
				CLANG_WARN_INT_CONVERSION = YES;
				CLANG_WARN_NON_LITERAL_NULL_CONVERSION = YES;
				CLANG_WARN_OBJC_IMPLICIT_RETAIN_SELF = YES;
				CLANG_WARN_OBJC_LITERAL_CONVERSION = YES;
				CLANG_WARN_OBJC_ROOT_CLASS = YES_ERROR;
				CLANG_WARN_QUOTED_INCLUDE_IN_FRAMEWORK_HEADER = YES;
				CLANG_WARN_RANGE_LOOP_ANALYSIS = YES;
				CLANG_WARN_STRICT_PROTOTYPES = YES;
				CLANG_WARN_SUSPICIOUS_MOVE = YES;
				CLANG_WARN_UNGUARDED_AVAILABILITY = YES_AGGRESSIVE;
				CLANG_WARN_UNREACHABLE_CODE = YES;
				CLANG_WARN__DUPLICATE_METHOD_MATCH = YES;
				COPY_PHASE_STRIP = NO;
				DEBUG_INFORMATION_FORMAT = dwarf;
				ENABLE_STRICT_OBJC_MSGSEND = YES;
				ENABLE_TESTABILITY = YES;
				ENABLE_USER_SCRIPT_SANDBOXING = YES;
				GCC_C_LANGUAGE_STANDARD = gnu17;
				GCC_DYNAMIC_NO_PIC = NO;
				GCC_NO_COMMON_BLOCKS = YES;
				GCC_OPTIMIZATION_LEVEL = 0;
				GCC_PREPROCESSOR_DEFINITIONS = (
					"DEBUG=1",
					"$(inherited)",
				);
				GCC_WARN_64_TO_32_BIT_CONVERSION = YES;
				GCC_WARN_ABOUT_RETURN_TYPE = YES_ERROR;
				GCC_WARN_UNDECLARED_SELECTOR = YES;
				GCC_WARN_UNINITIALIZED_AUTOS = YES_AGGRESSIVE;
				GCC_WARN_UNUSED_FUNCTION = YES;
				GCC_WARN_UNUSED_VARIABLE = YES;
				IPHONEOS_DEPLOYMENT_TARGET = 17.5;
				LOCALIZATION_PREFERS_STRING_CATALOGS = YES;
				MTL_ENABLE_DEBUG_INFO = INCLUDE_SOURCE;
				MTL_FAST_MATH = YES;
				ONLY_ACTIVE_ARCH = YES;
				SDKROOT = iphoneos;
				SWIFT_ACTIVE_COMPILATION_CONDITIONS = "DEBUG $(inherited)";
				SWIFT_OPTIMIZATION_LEVEL = "-Onone";
			};
			name = Debug;
		};
		BE76A9C22C2A2603009113B4 /* Release */ = {
			isa = XCBuildConfiguration;
			buildSettings = {
				ALWAYS_SEARCH_USER_PATHS = NO;
				ASSETCATALOG_COMPILER_GENERATE_SWIFT_ASSET_SYMBOL_EXTENSIONS = YES;
				CLANG_ANALYZER_NONNULL = YES;
				CLANG_ANALYZER_NUMBER_OBJECT_CONVERSION = YES_AGGRESSIVE;
				CLANG_CXX_LANGUAGE_STANDARD = "gnu++20";
				CLANG_ENABLE_MODULES = YES;
				CLANG_ENABLE_OBJC_ARC = YES;
				CLANG_ENABLE_OBJC_WEAK = YES;
				CLANG_WARN_BLOCK_CAPTURE_AUTORELEASING = YES;
				CLANG_WARN_BOOL_CONVERSION = YES;
				CLANG_WARN_COMMA = YES;
				CLANG_WARN_CONSTANT_CONVERSION = YES;
				CLANG_WARN_DEPRECATED_OBJC_IMPLEMENTATIONS = YES;
				CLANG_WARN_DIRECT_OBJC_ISA_USAGE = YES_ERROR;
				CLANG_WARN_DOCUMENTATION_COMMENTS = YES;
				CLANG_WARN_EMPTY_BODY = YES;
				CLANG_WARN_ENUM_CONVERSION = YES;
				CLANG_WARN_INFINITE_RECURSION = YES;
				CLANG_WARN_INT_CONVERSION = YES;
				CLANG_WARN_NON_LITERAL_NULL_CONVERSION = YES;
				CLANG_WARN_OBJC_IMPLICIT_RETAIN_SELF = YES;
				CLANG_WARN_OBJC_LITERAL_CONVERSION = YES;
				CLANG_WARN_OBJC_ROOT_CLASS = YES_ERROR;
				CLANG_WARN_QUOTED_INCLUDE_IN_FRAMEWORK_HEADER = YES;
				CLANG_WARN_RANGE_LOOP_ANALYSIS = YES;
				CLANG_WARN_STRICT_PROTOTYPES = YES;
				CLANG_WARN_SUSPICIOUS_MOVE = YES;
				CLANG_WARN_UNGUARDED_AVAILABILITY = YES_AGGRESSIVE;
				CLANG_WARN_UNREACHABLE_CODE = YES;
				CLANG_WARN__DUPLICATE_METHOD_MATCH = YES;
				COPY_PHASE_STRIP = NO;
				DEBUG_INFORMATION_FORMAT = "dwarf-with-dsym";
				ENABLE_NS_ASSERTIONS = NO;
				ENABLE_STRICT_OBJC_MSGSEND = YES;
				ENABLE_USER_SCRIPT_SANDBOXING = YES;
				GCC_C_LANGUAGE_STANDARD = gnu17;
				GCC_NO_COMMON_BLOCKS = YES;
				GCC_WARN_64_TO_32_BIT_CONVERSION = YES;
				GCC_WARN_ABOUT_RETURN_TYPE = YES_ERROR;
				GCC_WARN_UNDECLARED_SELECTOR = YES;
				GCC_WARN_UNINITIALIZED_AUTOS = YES_AGGRESSIVE;
				GCC_WARN_UNUSED_FUNCTION = YES;
				GCC_WARN_UNUSED_VARIABLE = YES;
				IPHONEOS_DEPLOYMENT_TARGET = 17.5;
				LOCALIZATION_PREFERS_STRING_CATALOGS = YES;
				MTL_ENABLE_DEBUG_INFO = NO;
				MTL_FAST_MATH = YES;
				SDKROOT = iphoneos;
				SWIFT_COMPILATION_MODE = wholemodule;
				VALIDATE_PRODUCT = YES;
			};
			name = Release;
		};
		BE76A9C42C2A2603009113B4 /* Debug */ = {
			isa = XCBuildConfiguration;
			buildSettings = {
				ASSETCATALOG_COMPILER_APPICON_NAME = AppIcon;
				ASSETCATALOG_COMPILER_GLOBAL_ACCENT_COLOR_NAME = AccentColor;
				CODE_SIGN_STYLE = Automatic;
				CURRENT_PROJECT_VERSION = 1;
				DEVELOPMENT_TEAM = 4X76DT8A23;
				GENERATE_INFOPLIST_FILE = YES;
				INFOPLIST_KEY_CFBundleDisplayName = "Hex Chess";
				INFOPLIST_KEY_LSApplicationCategoryType = "public.app-category.board-games";
				INFOPLIST_KEY_UIApplicationSupportsIndirectInputEvents = YES;
				INFOPLIST_KEY_UILaunchStoryboardName = LaunchScreen;
				INFOPLIST_KEY_UIMainStoryboardFile = Main;
				INFOPLIST_KEY_UIStatusBarHidden = YES;
				INFOPLIST_KEY_UISupportedInterfaceOrientations_iPad = "UIInterfaceOrientationPortrait UIInterfaceOrientationPortraitUpsideDown UIInterfaceOrientationLandscapeLeft UIInterfaceOrientationLandscapeRight";
				INFOPLIST_KEY_UISupportedInterfaceOrientations_iPhone = "UIInterfaceOrientationPortrait UIInterfaceOrientationLandscapeLeft UIInterfaceOrientationLandscapeRight";
				LD_RUNPATH_SEARCH_PATHS = (
					"$(inherited)",
					"@executable_path/Frameworks",
				);
				MARKETING_VERSION = 1.0;
				PRODUCT_BUNDLE_IDENTIFIER = SawyerChristensen.Chexx;
				PRODUCT_NAME = "$(TARGET_NAME)";
				SWIFT_EMIT_LOC_STRINGS = YES;
				SWIFT_VERSION = 5.0;
				TARGETED_DEVICE_FAMILY = "1,2";
			};
			name = Debug;
		};
		BE76A9C52C2A2603009113B4 /* Release */ = {
			isa = XCBuildConfiguration;
			buildSettings = {
				ASSETCATALOG_COMPILER_APPICON_NAME = AppIcon;
				ASSETCATALOG_COMPILER_GLOBAL_ACCENT_COLOR_NAME = AccentColor;
				CODE_SIGN_STYLE = Automatic;
				CURRENT_PROJECT_VERSION = 1;
				DEVELOPMENT_TEAM = 4X76DT8A23;
				GENERATE_INFOPLIST_FILE = YES;
				INFOPLIST_KEY_CFBundleDisplayName = "Hex Chess";
				INFOPLIST_KEY_LSApplicationCategoryType = "public.app-category.board-games";
				INFOPLIST_KEY_UIApplicationSupportsIndirectInputEvents = YES;
				INFOPLIST_KEY_UILaunchStoryboardName = LaunchScreen;
				INFOPLIST_KEY_UIMainStoryboardFile = Main;
				INFOPLIST_KEY_UIStatusBarHidden = YES;
				INFOPLIST_KEY_UISupportedInterfaceOrientations_iPad = "UIInterfaceOrientationPortrait UIInterfaceOrientationPortraitUpsideDown UIInterfaceOrientationLandscapeLeft UIInterfaceOrientationLandscapeRight";
				INFOPLIST_KEY_UISupportedInterfaceOrientations_iPhone = "UIInterfaceOrientationPortrait UIInterfaceOrientationLandscapeLeft UIInterfaceOrientationLandscapeRight";
				LD_RUNPATH_SEARCH_PATHS = (
					"$(inherited)",
					"@executable_path/Frameworks",
				);
				MARKETING_VERSION = 1.0;
				PRODUCT_BUNDLE_IDENTIFIER = SawyerChristensen.Chexx;
				PRODUCT_NAME = "$(TARGET_NAME)";
				SWIFT_EMIT_LOC_STRINGS = YES;
				SWIFT_VERSION = 5.0;
				TARGETED_DEVICE_FAMILY = "1,2";
			};
			name = Release;
		};
/* End XCBuildConfiguration section */

/* Begin XCConfigurationList section */
		BE76A9A72C2A2602009113B4 /* Build configuration list for PBXProject "Chexx" */ = {
			isa = XCConfigurationList;
			buildConfigurations = (
				BE76A9C12C2A2603009113B4 /* Debug */,
				BE76A9C22C2A2603009113B4 /* Release */,
			);
			defaultConfigurationIsVisible = 0;
			defaultConfigurationName = Release;
		};
		BE76A9C32C2A2603009113B4 /* Build configuration list for PBXNativeTarget "Chexx" */ = {
			isa = XCConfigurationList;
			buildConfigurations = (
				BE76A9C42C2A2603009113B4 /* Debug */,
				BE76A9C52C2A2603009113B4 /* Release */,
			);
			defaultConfigurationIsVisible = 0;
			defaultConfigurationName = Release;
		};
/* End XCConfigurationList section */
	};
	rootObject = BE76A9A42C2A2602009113B4 /* Project object */;
}
