// !$*UTF8*$!
{
	archiveVersion = 1;
	classes = {
	};
	objectVersion = 56;
	objects = {

/* Begin PBXBuildFile section */
		BE091A452CC11FF800C1A3EC /* FirebaseAnalyticsWithoutAdIdSupport in Frameworks */ = {isa = PBXBuildFile; productRef = BE091A442CC11FF800C1A3EC /* FirebaseAnalyticsWithoutAdIdSupport */; };
		BE091A472CC11FF800C1A3EC /* FirebaseAuth in Frameworks */ = {isa = PBXBuildFile; productRef = BE091A462CC11FF800C1A3EC /* FirebaseAuth */; };
		BE091A492CC11FF800C1A3EC /* FirebaseCrashlytics in Frameworks */ = {isa = PBXBuildFile; productRef = BE091A482CC11FF800C1A3EC /* FirebaseCrashlytics */; };
		BE091A4B2CC11FF800C1A3EC /* FirebaseDynamicLinks in Frameworks */ = {isa = PBXBuildFile; productRef = BE091A4A2CC11FF800C1A3EC /* FirebaseDynamicLinks */; };
		BE091A4D2CC11FF800C1A3EC /* FirebaseFirestore in Frameworks */ = {isa = PBXBuildFile; productRef = BE091A4C2CC11FF800C1A3EC /* FirebaseFirestore */; };
		BE091A4F2CC124C500C1A3EC /* GoogleService-Info.plist in Resources */ = {isa = PBXBuildFile; fileRef = BE091A4E2CC124C500C1A3EC /* GoogleService-Info.plist */; };
		BE091A522CC12A1800C1A3EC /* GoogleSignIn in Frameworks */ = {isa = PBXBuildFile; productRef = BE091A512CC12A1800C1A3EC /* GoogleSignIn */; };
		BE091A542CC12A1800C1A3EC /* GoogleSignInSwift in Frameworks */ = {isa = PBXBuildFile; productRef = BE091A532CC12A1800C1A3EC /* GoogleSignInSwift */; };
		BE091A572CC2889700C1A3EC /* AuthViewModel.swift in Sources */ = {isa = PBXBuildFile; fileRef = BE091A562CC2888100C1A3EC /* AuthViewModel.swift */; };
		BE76A9B02C2A2602009113B4 /* AppDelegate.swift in Sources */ = {isa = PBXBuildFile; fileRef = BE76A9AF2C2A2602009113B4 /* AppDelegate.swift */; };
		BE76A9B62C2A2602009113B4 /* GameScene.swift in Sources */ = {isa = PBXBuildFile; fileRef = BE76A9B52C2A2602009113B4 /* GameScene.swift */; };
		BE76A9B82C2A2602009113B4 /* GameViewController.swift in Sources */ = {isa = PBXBuildFile; fileRef = BE76A9B72C2A2602009113B4 /* GameViewController.swift */; };
		BE76A9BB2C2A2602009113B4 /* Base in Resources */ = {isa = PBXBuildFile; fileRef = BE76A9BA2C2A2602009113B4 /* Base */; };
		BE76A9BD2C2A2603009113B4 /* Assets.xcassets in Resources */ = {isa = PBXBuildFile; fileRef = BE76A9BC2C2A2603009113B4 /* Assets.xcassets */; };
		BE76A9C02C2A2603009113B4 /* Base in Resources */ = {isa = PBXBuildFile; fileRef = BE76A9BF2C2A2603009113B4 /* Base */; };
		BE76A9E52C2A3EDA009113B4 /* black_bishop.png in Resources */ = {isa = PBXBuildFile; fileRef = BE76A9C82C2A3EDA009113B4 /* black_bishop.png */; };
		BE76A9E62C2A3EDA009113B4 /* black_king.png in Resources */ = {isa = PBXBuildFile; fileRef = BE76A9C92C2A3EDA009113B4 /* black_king.png */; };
		BE76A9E72C2A3EDA009113B4 /* black_knight.png in Resources */ = {isa = PBXBuildFile; fileRef = BE76A9CA2C2A3EDA009113B4 /* black_knight.png */; };
		BE76A9E82C2A3EDA009113B4 /* black_pawn.png in Resources */ = {isa = PBXBuildFile; fileRef = BE76A9CB2C2A3EDA009113B4 /* black_pawn.png */; };
		BE76A9E92C2A3EDA009113B4 /* black_queen.png in Resources */ = {isa = PBXBuildFile; fileRef = BE76A9CC2C2A3EDA009113B4 /* black_queen.png */; };
		BE76A9EA2C2A3EDA009113B4 /* black_rook.png in Resources */ = {isa = PBXBuildFile; fileRef = BE76A9CD2C2A3EDA009113B4 /* black_rook.png */; };
		BE76A9EB2C2A3EDA009113B4 /* white_bishop.png in Resources */ = {isa = PBXBuildFile; fileRef = BE76A9CE2C2A3EDA009113B4 /* white_bishop.png */; };
		BE76A9EC2C2A3EDA009113B4 /* white_king.png in Resources */ = {isa = PBXBuildFile; fileRef = BE76A9CF2C2A3EDA009113B4 /* white_king.png */; };
		BE76A9ED2C2A3EDA009113B4 /* white_knight.png in Resources */ = {isa = PBXBuildFile; fileRef = BE76A9D02C2A3EDA009113B4 /* white_knight.png */; };
		BE76A9EE2C2A3EDA009113B4 /* white_pawn.png in Resources */ = {isa = PBXBuildFile; fileRef = BE76A9D12C2A3EDA009113B4 /* white_pawn.png */; };
		BE76A9EF2C2A3EDA009113B4 /* white_queen.png in Resources */ = {isa = PBXBuildFile; fileRef = BE76A9D22C2A3EDA009113B4 /* white_queen.png */; };
		BE76A9F02C2A3EDA009113B4 /* white_rook.png in Resources */ = {isa = PBXBuildFile; fileRef = BE76A9D32C2A3EDA009113B4 /* white_rook.png */; };
		BE76A9F12C2A3EDA009113B4 /* bb.png in Resources */ = {isa = PBXBuildFile; fileRef = BE76A9D52C2A3EDA009113B4 /* bb.png */; };
		BE76A9F22C2A3EDA009113B4 /* bk.png in Resources */ = {isa = PBXBuildFile; fileRef = BE76A9D62C2A3EDA009113B4 /* bk.png */; };
		BE76A9F32C2A3EDA009113B4 /* bn.png in Resources */ = {isa = PBXBuildFile; fileRef = BE76A9D72C2A3EDA009113B4 /* bn.png */; };
		BE76A9F42C2A3EDA009113B4 /* bp.png in Resources */ = {isa = PBXBuildFile; fileRef = BE76A9D82C2A3EDA009113B4 /* bp.png */; };
		BE76A9F52C2A3EDA009113B4 /* bq.png in Resources */ = {isa = PBXBuildFile; fileRef = BE76A9D92C2A3EDA009113B4 /* bq.png */; };
		BE76A9F62C2A3EDA009113B4 /* br.png in Resources */ = {isa = PBXBuildFile; fileRef = BE76A9DA2C2A3EDA009113B4 /* br.png */; };
		BE76A9F72C2A3EDA009113B4 /* wb.png in Resources */ = {isa = PBXBuildFile; fileRef = BE76A9DB2C2A3EDA009113B4 /* wb.png */; };
		BE76A9F82C2A3EDA009113B4 /* wk.png in Resources */ = {isa = PBXBuildFile; fileRef = BE76A9DC2C2A3EDA009113B4 /* wk.png */; };
		BE76A9F92C2A3EDA009113B4 /* wn.png in Resources */ = {isa = PBXBuildFile; fileRef = BE76A9DD2C2A3EDA009113B4 /* wn.png */; };
		BE76A9FA2C2A3EDA009113B4 /* wp.png in Resources */ = {isa = PBXBuildFile; fileRef = BE76A9DE2C2A3EDA009113B4 /* wp.png */; };
		BE76A9FB2C2A3EDA009113B4 /* wq.png in Resources */ = {isa = PBXBuildFile; fileRef = BE76A9DF2C2A3EDA009113B4 /* wq.png */; };
		BE76A9FC2C2A3EDA009113B4 /* wr.png in Resources */ = {isa = PBXBuildFile; fileRef = BE76A9E02C2A3EDA009113B4 /* wr.png */; };
		BE76A9FD2C2A3EDA009113B4 /* carmen-habanera.mp3 in Resources */ = {isa = PBXBuildFile; fileRef = BE76A9E22C2A3EDA009113B4 /* carmen-habanera.mp3 */; };
		BE76AA3E2C30DF82009113B4 /* GameState.swift in Sources */ = {isa = PBXBuildFile; fileRef = BE76AA3D2C30DF82009113B4 /* GameState.swift */; };
		BE76AA402C3720EE009113B4 /* PieceRules.swift in Sources */ = {isa = PBXBuildFile; fileRef = BE76AA3F2C3720EE009113B4 /* PieceRules.swift */; };
		BE76AA422C3E34C6009113B4 /* to_do.txt in Resources */ = {isa = PBXBuildFile; fileRef = BE76AA412C3E34C6009113B4 /* to_do.txt */; };
		BE76AA482C3F07F1009113B4 /* MainMenuView.swift in Sources */ = {isa = PBXBuildFile; fileRef = BE76AA472C3F07F1009113B4 /* MainMenuView.swift */; };
		BE76AA4E2C4620F9009113B4 /* SettingsView.swift in Sources */ = {isa = PBXBuildFile; fileRef = BE76AA4D2C4620F9009113B4 /* SettingsView.swift */; };
		BE76AA502C4622DE009113B4 /* ProfileView.swift in Sources */ = {isa = PBXBuildFile; fileRef = BE76AA4F2C4622DE009113B4 /* ProfileView.swift */; };
		BE76AA522C462765009113B4 /* BackgroundView.swift in Sources */ = {isa = PBXBuildFile; fileRef = BE76AA512C462765009113B4 /* BackgroundView.swift */; };
		BE94E0EB2C692E3A005DCAD3 /* SettingsViewController.swift in Sources */ = {isa = PBXBuildFile; fileRef = BE94E0EA2C692E3A005DCAD3 /* SettingsViewController.swift */; };
		BE94E1112C82F02E005DCAD3 /* notify.mp3 in Resources */ = {isa = PBXBuildFile; fileRef = BE94E0EF2C82F02C005DCAD3 /* notify.mp3 */; };
		BE94E1122C82F02E005DCAD3 /* move-opponent.mp3 in Resources */ = {isa = PBXBuildFile; fileRef = BE94E0F02C82F02C005DCAD3 /* move-opponent.mp3 */; };
		BE94E1132C82F02E005DCAD3 /* illegal.mp3 in Resources */ = {isa = PBXBuildFile; fileRef = BE94E0F12C82F02D005DCAD3 /* illegal.mp3 */; };
		BE94E1142C82F02E005DCAD3 /* click.mp3 in Resources */ = {isa = PBXBuildFile; fileRef = BE94E0F22C82F02D005DCAD3 /* click.mp3 */; };
		BE94E1152C82F02E005DCAD3 /* event-start.mp3 in Resources */ = {isa = PBXBuildFile; fileRef = BE94E0F32C82F02D005DCAD3 /* event-start.mp3 */; };
		BE94E1162C82F02E005DCAD3 /* game-lose-long.mp3 in Resources */ = {isa = PBXBuildFile; fileRef = BE94E0F42C82F02D005DCAD3 /* game-lose-long.mp3 */; };
		BE94E1172C82F02E005DCAD3 /* game-win-long.mp3 in Resources */ = {isa = PBXBuildFile; fileRef = BE94E0F52C82F02D005DCAD3 /* game-win-long.mp3 */; };
		BE94E1182C82F02E005DCAD3 /* promote.mp3 in Resources */ = {isa = PBXBuildFile; fileRef = BE94E0F62C82F02D005DCAD3 /* promote.mp3 */; };
		BE94E1192C82F02E005DCAD3 /* scatter.mp3 in Resources */ = {isa = PBXBuildFile; fileRef = BE94E0F72C82F02D005DCAD3 /* scatter.mp3 */; };
		BE94E11A2C82F02E005DCAD3 /* puzzle-correct-2.mp3 in Resources */ = {isa = PBXBuildFile; fileRef = BE94E0F82C82F02D005DCAD3 /* puzzle-correct-2.mp3 */; };
		BE94E11B2C82F02E005DCAD3 /* correct.mp3 in Resources */ = {isa = PBXBuildFile; fileRef = BE94E0F92C82F02D005DCAD3 /* correct.mp3 */; };
		BE94E11C2C82F02E005DCAD3 /* lesson-pass.mp3 in Resources */ = {isa = PBXBuildFile; fileRef = BE94E0FA2C82F02D005DCAD3 /* lesson-pass.mp3 */; };
		BE94E11D2C82F02E005DCAD3 /* lesson-fail.mp3 in Resources */ = {isa = PBXBuildFile; fileRef = BE94E0FB2C82F02D005DCAD3 /* lesson-fail.mp3 */; };
		BE94E11E2C82F02E005DCAD3 /* game-end.mp3 in Resources */ = {isa = PBXBuildFile; fileRef = BE94E0FC2C82F02D005DCAD3 /* game-end.mp3 */; };
		BE94E11F2C82F02E005DCAD3 /* incorrect.mp3 in Resources */ = {isa = PBXBuildFile; fileRef = BE94E0FD2C82F02D005DCAD3 /* incorrect.mp3 */; };
		BE94E1202C82F02E005DCAD3 /* achievement.mp3 in Resources */ = {isa = PBXBuildFile; fileRef = BE94E0FE2C82F02D005DCAD3 /* achievement.mp3 */; };
		BE94E1212C82F02E005DCAD3 /* drawoffer.mp3 in Resources */ = {isa = PBXBuildFile; fileRef = BE94E0FF2C82F02D005DCAD3 /* drawoffer.mp3 */; };
		BE94E1222C82F02E005DCAD3 /* event-warning.mp3 in Resources */ = {isa = PBXBuildFile; fileRef = BE94E1002C82F02D005DCAD3 /* event-warning.mp3 */; };
		BE94E1232C82F02E005DCAD3 /* puzzle-correct.mp3 in Resources */ = {isa = PBXBuildFile; fileRef = BE94E1012C82F02D005DCAD3 /* puzzle-correct.mp3 */; };
		BE94E1242C82F02E005DCAD3 /* puzzle-wrong.mp3 in Resources */ = {isa = PBXBuildFile; fileRef = BE94E1022C82F02D005DCAD3 /* puzzle-wrong.mp3 */; };
		BE94E1252C82F02E005DCAD3 /* game-start.mp3 in Resources */ = {isa = PBXBuildFile; fileRef = BE94E1032C82F02D005DCAD3 /* game-start.mp3 */; };
		BE94E1262C82F02E005DCAD3 /* game-lose.mp3 in Resources */ = {isa = PBXBuildFile; fileRef = BE94E1042C82F02D005DCAD3 /* game-lose.mp3 */; };
		BE94E1272C82F02E005DCAD3 /* move-check.mp3 in Resources */ = {isa = PBXBuildFile; fileRef = BE94E1052C82F02D005DCAD3 /* move-check.mp3 */; };
		BE94E1282C82F02E005DCAD3 /* game-win.mp3 in Resources */ = {isa = PBXBuildFile; fileRef = BE94E1062C82F02D005DCAD3 /* game-win.mp3 */; };
		BE94E1292C82F02E005DCAD3 /* castle.mp3 in Resources */ = {isa = PBXBuildFile; fileRef = BE94E1072C82F02D005DCAD3 /* castle.mp3 */; };
		BE94E12A2C82F02E005DCAD3 /* event-end.mp3 in Resources */ = {isa = PBXBuildFile; fileRef = BE94E1082C82F02D005DCAD3 /* event-end.mp3 */; };
		BE94E12B2C82F02E005DCAD3 /* decline.mp3 in Resources */ = {isa = PBXBuildFile; fileRef = BE94E1092C82F02D005DCAD3 /* decline.mp3 */; };
		BE94E12C2C82F02E005DCAD3 /* capture.mp3 in Resources */ = {isa = PBXBuildFile; fileRef = BE94E10A2C82F02D005DCAD3 /* capture.mp3 */; };
		BE94E12D2C82F02E005DCAD3 /* notification.mp3 in Resources */ = {isa = PBXBuildFile; fileRef = BE94E10B2C82F02D005DCAD3 /* notification.mp3 */; };
		BE94E12E2C82F02E005DCAD3 /* premove.mp3 in Resources */ = {isa = PBXBuildFile; fileRef = BE94E10C2C82F02D005DCAD3 /* premove.mp3 */; };
		BE94E12F2C82F02E005DCAD3 /* game-draw.mp3 in Resources */ = {isa = PBXBuildFile; fileRef = BE94E10D2C82F02D005DCAD3 /* game-draw.mp3 */; };
		BE94E1302C82F02E005DCAD3 /* piece_move.mp3 in Resources */ = {isa = PBXBuildFile; fileRef = BE94E10E2C82F02D005DCAD3 /* piece_move.mp3 */; };
		BE94E1312C82F02E005DCAD3 /* shoutout.mp3 in Resources */ = {isa = PBXBuildFile; fileRef = BE94E10F2C82F02D005DCAD3 /* shoutout.mp3 */; };
		BE94E1322C82F02E005DCAD3 /* tenseconds.mp3 in Resources */ = {isa = PBXBuildFile; fileRef = BE94E1102C82F02D005DCAD3 /* tenseconds.mp3 */; };
		BE94E1362C82FE6A005DCAD3 /* worldssmallestviolin.mp3 in Resources */ = {isa = PBXBuildFile; fileRef = BE94E1342C82FE6A005DCAD3 /* worldssmallestviolin.mp3 */; };
		BE94E1372C82FE6A005DCAD3 /* alert_from_mgs.mp3 in Resources */ = {isa = PBXBuildFile; fileRef = BE94E1352C82FE6A005DCAD3 /* alert_from_mgs.mp3 */; };
		BEB2FD802C653BF4008BCB26 /* PromotionView.swift in Sources */ = {isa = PBXBuildFile; fileRef = BEB2FD7F2C653BF4008BCB26 /* PromotionView.swift */; };
		BEB2FD822C653C4C008BCB26 /* PromotionViewController.swift in Sources */ = {isa = PBXBuildFile; fileRef = BEB2FD812C653C4C008BCB26 /* PromotionViewController.swift */; };
		BEB2FD842C6599BB008BCB26 /* GameView.swift in Sources */ = {isa = PBXBuildFile; fileRef = BEB2FD832C6599BB008BCB26 /* GameView.swift */; };
		BEB2FD862C66C08E008BCB26 /* AudioManager.swift in Sources */ = {isa = PBXBuildFile; fileRef = BEB2FD852C66C08E008BCB26 /* AudioManager.swift */; };
/* End PBXBuildFile section */

/* Begin PBXFileReference section */
		BE091A4E2CC124C500C1A3EC /* GoogleService-Info.plist */ = {isa = PBXFileReference; lastKnownFileType = text.plist.xml; path = "GoogleService-Info.plist"; sourceTree = "<group>"; };
		BE091A562CC2888100C1A3EC /* AuthViewModel.swift */ = {isa = PBXFileReference; lastKnownFileType = sourcecode.swift; path = AuthViewModel.swift; sourceTree = "<group>"; };
		BE76A9AC2C2A2602009113B4 /* Chexx.app */ = {isa = PBXFileReference; explicitFileType = wrapper.application; includeInIndex = 0; path = Chexx.app; sourceTree = BUILT_PRODUCTS_DIR; };
		BE76A9AF2C2A2602009113B4 /* AppDelegate.swift */ = {isa = PBXFileReference; lastKnownFileType = sourcecode.swift; path = AppDelegate.swift; sourceTree = "<group>"; };
		BE76A9B52C2A2602009113B4 /* GameScene.swift */ = {isa = PBXFileReference; lastKnownFileType = sourcecode.swift; path = GameScene.swift; sourceTree = "<group>"; };
		BE76A9B72C2A2602009113B4 /* GameViewController.swift */ = {isa = PBXFileReference; lastKnownFileType = sourcecode.swift; path = GameViewController.swift; sourceTree = "<group>"; };
		BE76A9BA2C2A2602009113B4 /* Base */ = {isa = PBXFileReference; lastKnownFileType = file.storyboard; name = Base; path = Base.lproj/Main.storyboard; sourceTree = "<group>"; };
		BE76A9BC2C2A2603009113B4 /* Assets.xcassets */ = {isa = PBXFileReference; lastKnownFileType = folder.assetcatalog; path = Assets.xcassets; sourceTree = "<group>"; };
		BE76A9BF2C2A2603009113B4 /* Base */ = {isa = PBXFileReference; lastKnownFileType = file.storyboard; name = Base; path = Base.lproj/LaunchScreen.storyboard; sourceTree = "<group>"; };
		BE76A9C82C2A3EDA009113B4 /* black_bishop.png */ = {isa = PBXFileReference; lastKnownFileType = image.png; path = black_bishop.png; sourceTree = "<group>"; };
		BE76A9C92C2A3EDA009113B4 /* black_king.png */ = {isa = PBXFileReference; lastKnownFileType = image.png; path = black_king.png; sourceTree = "<group>"; };
		BE76A9CA2C2A3EDA009113B4 /* black_knight.png */ = {isa = PBXFileReference; lastKnownFileType = image.png; path = black_knight.png; sourceTree = "<group>"; };
		BE76A9CB2C2A3EDA009113B4 /* black_pawn.png */ = {isa = PBXFileReference; lastKnownFileType = image.png; path = black_pawn.png; sourceTree = "<group>"; };
		BE76A9CC2C2A3EDA009113B4 /* black_queen.png */ = {isa = PBXFileReference; lastKnownFileType = image.png; path = black_queen.png; sourceTree = "<group>"; };
		BE76A9CD2C2A3EDA009113B4 /* black_rook.png */ = {isa = PBXFileReference; lastKnownFileType = image.png; path = black_rook.png; sourceTree = "<group>"; };
		BE76A9CE2C2A3EDA009113B4 /* white_bishop.png */ = {isa = PBXFileReference; lastKnownFileType = image.png; path = white_bishop.png; sourceTree = "<group>"; };
		BE76A9CF2C2A3EDA009113B4 /* white_king.png */ = {isa = PBXFileReference; lastKnownFileType = image.png; path = white_king.png; sourceTree = "<group>"; };
		BE76A9D02C2A3EDA009113B4 /* white_knight.png */ = {isa = PBXFileReference; lastKnownFileType = image.png; path = white_knight.png; sourceTree = "<group>"; };
		BE76A9D12C2A3EDA009113B4 /* white_pawn.png */ = {isa = PBXFileReference; lastKnownFileType = image.png; path = white_pawn.png; sourceTree = "<group>"; };
		BE76A9D22C2A3EDA009113B4 /* white_queen.png */ = {isa = PBXFileReference; lastKnownFileType = image.png; path = white_queen.png; sourceTree = "<group>"; };
		BE76A9D32C2A3EDA009113B4 /* white_rook.png */ = {isa = PBXFileReference; lastKnownFileType = image.png; path = white_rook.png; sourceTree = "<group>"; };
		BE76A9D52C2A3EDA009113B4 /* bb.png */ = {isa = PBXFileReference; lastKnownFileType = image.png; path = bb.png; sourceTree = "<group>"; };
		BE76A9D62C2A3EDA009113B4 /* bk.png */ = {isa = PBXFileReference; lastKnownFileType = image.png; path = bk.png; sourceTree = "<group>"; };
		BE76A9D72C2A3EDA009113B4 /* bn.png */ = {isa = PBXFileReference; lastKnownFileType = image.png; path = bn.png; sourceTree = "<group>"; };
		BE76A9D82C2A3EDA009113B4 /* bp.png */ = {isa = PBXFileReference; lastKnownFileType = image.png; path = bp.png; sourceTree = "<group>"; };
		BE76A9D92C2A3EDA009113B4 /* bq.png */ = {isa = PBXFileReference; lastKnownFileType = image.png; path = bq.png; sourceTree = "<group>"; };
		BE76A9DA2C2A3EDA009113B4 /* br.png */ = {isa = PBXFileReference; lastKnownFileType = image.png; path = br.png; sourceTree = "<group>"; };
		BE76A9DB2C2A3EDA009113B4 /* wb.png */ = {isa = PBXFileReference; lastKnownFileType = image.png; path = wb.png; sourceTree = "<group>"; };
		BE76A9DC2C2A3EDA009113B4 /* wk.png */ = {isa = PBXFileReference; lastKnownFileType = image.png; path = wk.png; sourceTree = "<group>"; };
		BE76A9DD2C2A3EDA009113B4 /* wn.png */ = {isa = PBXFileReference; lastKnownFileType = image.png; path = wn.png; sourceTree = "<group>"; };
		BE76A9DE2C2A3EDA009113B4 /* wp.png */ = {isa = PBXFileReference; lastKnownFileType = image.png; path = wp.png; sourceTree = "<group>"; };
		BE76A9DF2C2A3EDA009113B4 /* wq.png */ = {isa = PBXFileReference; lastKnownFileType = image.png; path = wq.png; sourceTree = "<group>"; };
		BE76A9E02C2A3EDA009113B4 /* wr.png */ = {isa = PBXFileReference; lastKnownFileType = image.png; path = wr.png; sourceTree = "<group>"; };
		BE76A9E22C2A3EDA009113B4 /* carmen-habanera.mp3 */ = {isa = PBXFileReference; lastKnownFileType = audio.mp3; path = "carmen-habanera.mp3"; sourceTree = "<group>"; };
		BE76AA3D2C30DF82009113B4 /* GameState.swift */ = {isa = PBXFileReference; lastKnownFileType = sourcecode.swift; path = GameState.swift; sourceTree = "<group>"; };
		BE76AA3F2C3720EE009113B4 /* PieceRules.swift */ = {isa = PBXFileReference; lastKnownFileType = sourcecode.swift; path = PieceRules.swift; sourceTree = "<group>"; };
		BE76AA412C3E34C6009113B4 /* to_do.txt */ = {isa = PBXFileReference; lastKnownFileType = text; path = to_do.txt; sourceTree = "<group>"; };
		BE76AA472C3F07F1009113B4 /* MainMenuView.swift */ = {isa = PBXFileReference; lastKnownFileType = sourcecode.swift; path = MainMenuView.swift; sourceTree = "<group>"; };
		BE76AA4D2C4620F9009113B4 /* SettingsView.swift */ = {isa = PBXFileReference; lastKnownFileType = sourcecode.swift; path = SettingsView.swift; sourceTree = "<group>"; };
		BE76AA4F2C4622DE009113B4 /* ProfileView.swift */ = {isa = PBXFileReference; lastKnownFileType = sourcecode.swift; path = ProfileView.swift; sourceTree = "<group>"; };
		BE76AA512C462765009113B4 /* BackgroundView.swift */ = {isa = PBXFileReference; lastKnownFileType = sourcecode.swift; path = BackgroundView.swift; sourceTree = "<group>"; };
		BE94E0EA2C692E3A005DCAD3 /* SettingsViewController.swift */ = {isa = PBXFileReference; lastKnownFileType = sourcecode.swift; path = SettingsViewController.swift; sourceTree = "<group>"; };
		BE94E0EF2C82F02C005DCAD3 /* notify.mp3 */ = {isa = PBXFileReference; lastKnownFileType = audio.mp3; path = notify.mp3; sourceTree = "<group>"; };
		BE94E0F02C82F02C005DCAD3 /* move-opponent.mp3 */ = {isa = PBXFileReference; lastKnownFileType = audio.mp3; path = "move-opponent.mp3"; sourceTree = "<group>"; };
		BE94E0F12C82F02D005DCAD3 /* illegal.mp3 */ = {isa = PBXFileReference; lastKnownFileType = audio.mp3; path = illegal.mp3; sourceTree = "<group>"; };
		BE94E0F22C82F02D005DCAD3 /* click.mp3 */ = {isa = PBXFileReference; lastKnownFileType = audio.mp3; path = click.mp3; sourceTree = "<group>"; };
		BE94E0F32C82F02D005DCAD3 /* event-start.mp3 */ = {isa = PBXFileReference; lastKnownFileType = audio.mp3; path = "event-start.mp3"; sourceTree = "<group>"; };
		BE94E0F42C82F02D005DCAD3 /* game-lose-long.mp3 */ = {isa = PBXFileReference; lastKnownFileType = audio.mp3; path = "game-lose-long.mp3"; sourceTree = "<group>"; };
		BE94E0F52C82F02D005DCAD3 /* game-win-long.mp3 */ = {isa = PBXFileReference; lastKnownFileType = audio.mp3; path = "game-win-long.mp3"; sourceTree = "<group>"; };
		BE94E0F62C82F02D005DCAD3 /* promote.mp3 */ = {isa = PBXFileReference; lastKnownFileType = audio.mp3; path = promote.mp3; sourceTree = "<group>"; };
		BE94E0F72C82F02D005DCAD3 /* scatter.mp3 */ = {isa = PBXFileReference; lastKnownFileType = audio.mp3; path = scatter.mp3; sourceTree = "<group>"; };
		BE94E0F82C82F02D005DCAD3 /* puzzle-correct-2.mp3 */ = {isa = PBXFileReference; lastKnownFileType = audio.mp3; path = "puzzle-correct-2.mp3"; sourceTree = "<group>"; };
		BE94E0F92C82F02D005DCAD3 /* correct.mp3 */ = {isa = PBXFileReference; lastKnownFileType = audio.mp3; path = correct.mp3; sourceTree = "<group>"; };
		BE94E0FA2C82F02D005DCAD3 /* lesson-pass.mp3 */ = {isa = PBXFileReference; lastKnownFileType = audio.mp3; path = "lesson-pass.mp3"; sourceTree = "<group>"; };
		BE94E0FB2C82F02D005DCAD3 /* lesson-fail.mp3 */ = {isa = PBXFileReference; lastKnownFileType = audio.mp3; path = "lesson-fail.mp3"; sourceTree = "<group>"; };
		BE94E0FC2C82F02D005DCAD3 /* game-end.mp3 */ = {isa = PBXFileReference; lastKnownFileType = audio.mp3; path = "game-end.mp3"; sourceTree = "<group>"; };
		BE94E0FD2C82F02D005DCAD3 /* incorrect.mp3 */ = {isa = PBXFileReference; lastKnownFileType = audio.mp3; path = incorrect.mp3; sourceTree = "<group>"; };
		BE94E0FE2C82F02D005DCAD3 /* achievement.mp3 */ = {isa = PBXFileReference; lastKnownFileType = audio.mp3; path = achievement.mp3; sourceTree = "<group>"; };
		BE94E0FF2C82F02D005DCAD3 /* drawoffer.mp3 */ = {isa = PBXFileReference; lastKnownFileType = audio.mp3; path = drawoffer.mp3; sourceTree = "<group>"; };
		BE94E1002C82F02D005DCAD3 /* event-warning.mp3 */ = {isa = PBXFileReference; lastKnownFileType = audio.mp3; path = "event-warning.mp3"; sourceTree = "<group>"; };
		BE94E1012C82F02D005DCAD3 /* puzzle-correct.mp3 */ = {isa = PBXFileReference; lastKnownFileType = audio.mp3; path = "puzzle-correct.mp3"; sourceTree = "<group>"; };
		BE94E1022C82F02D005DCAD3 /* puzzle-wrong.mp3 */ = {isa = PBXFileReference; lastKnownFileType = audio.mp3; path = "puzzle-wrong.mp3"; sourceTree = "<group>"; };
		BE94E1032C82F02D005DCAD3 /* game-start.mp3 */ = {isa = PBXFileReference; lastKnownFileType = audio.mp3; path = "game-start.mp3"; sourceTree = "<group>"; };
		BE94E1042C82F02D005DCAD3 /* game-lose.mp3 */ = {isa = PBXFileReference; lastKnownFileType = audio.mp3; path = "game-lose.mp3"; sourceTree = "<group>"; };
		BE94E1052C82F02D005DCAD3 /* move-check.mp3 */ = {isa = PBXFileReference; lastKnownFileType = audio.mp3; path = "move-check.mp3"; sourceTree = "<group>"; };
		BE94E1062C82F02D005DCAD3 /* game-win.mp3 */ = {isa = PBXFileReference; lastKnownFileType = audio.mp3; path = "game-win.mp3"; sourceTree = "<group>"; };
		BE94E1072C82F02D005DCAD3 /* castle.mp3 */ = {isa = PBXFileReference; lastKnownFileType = audio.mp3; path = castle.mp3; sourceTree = "<group>"; };
		BE94E1082C82F02D005DCAD3 /* event-end.mp3 */ = {isa = PBXFileReference; lastKnownFileType = audio.mp3; path = "event-end.mp3"; sourceTree = "<group>"; };
		BE94E1092C82F02D005DCAD3 /* decline.mp3 */ = {isa = PBXFileReference; lastKnownFileType = audio.mp3; path = decline.mp3; sourceTree = "<group>"; };
		BE94E10A2C82F02D005DCAD3 /* capture.mp3 */ = {isa = PBXFileReference; lastKnownFileType = audio.mp3; path = capture.mp3; sourceTree = "<group>"; };
		BE94E10B2C82F02D005DCAD3 /* notification.mp3 */ = {isa = PBXFileReference; lastKnownFileType = audio.mp3; path = notification.mp3; sourceTree = "<group>"; };
		BE94E10C2C82F02D005DCAD3 /* premove.mp3 */ = {isa = PBXFileReference; lastKnownFileType = audio.mp3; path = premove.mp3; sourceTree = "<group>"; };
		BE94E10D2C82F02D005DCAD3 /* game-draw.mp3 */ = {isa = PBXFileReference; lastKnownFileType = audio.mp3; path = "game-draw.mp3"; sourceTree = "<group>"; };
		BE94E10E2C82F02D005DCAD3 /* piece_move.mp3 */ = {isa = PBXFileReference; lastKnownFileType = audio.mp3; path = piece_move.mp3; sourceTree = "<group>"; };
		BE94E10F2C82F02D005DCAD3 /* shoutout.mp3 */ = {isa = PBXFileReference; lastKnownFileType = audio.mp3; path = shoutout.mp3; sourceTree = "<group>"; };
		BE94E1102C82F02D005DCAD3 /* tenseconds.mp3 */ = {isa = PBXFileReference; lastKnownFileType = audio.mp3; path = tenseconds.mp3; sourceTree = "<group>"; };
		BE94E1342C82FE6A005DCAD3 /* worldssmallestviolin.mp3 */ = {isa = PBXFileReference; lastKnownFileType = audio.mp3; path = worldssmallestviolin.mp3; sourceTree = "<group>"; };
		BE94E1352C82FE6A005DCAD3 /* alert_from_mgs.mp3 */ = {isa = PBXFileReference; lastKnownFileType = audio.mp3; path = alert_from_mgs.mp3; sourceTree = "<group>"; };
		BEB2FD7F2C653BF4008BCB26 /* PromotionView.swift */ = {isa = PBXFileReference; lastKnownFileType = sourcecode.swift; path = PromotionView.swift; sourceTree = "<group>"; };
		BEB2FD812C653C4C008BCB26 /* PromotionViewController.swift */ = {isa = PBXFileReference; lastKnownFileType = sourcecode.swift; path = PromotionViewController.swift; sourceTree = "<group>"; };
		BEB2FD832C6599BB008BCB26 /* GameView.swift */ = {isa = PBXFileReference; lastKnownFileType = sourcecode.swift; path = GameView.swift; sourceTree = "<group>"; };
		BEB2FD852C66C08E008BCB26 /* AudioManager.swift */ = {isa = PBXFileReference; lastKnownFileType = sourcecode.swift; path = AudioManager.swift; sourceTree = "<group>"; };
/* End PBXFileReference section */

/* Begin PBXFrameworksBuildPhase section */
		BE76A9A92C2A2602009113B4 /* Frameworks */ = {
			isa = PBXFrameworksBuildPhase;
			buildActionMask = 2147483647;
			files = (
				BE091A492CC11FF800C1A3EC /* FirebaseCrashlytics in Frameworks */,
				BE091A452CC11FF800C1A3EC /* FirebaseAnalyticsWithoutAdIdSupport in Frameworks */,
				BE091A542CC12A1800C1A3EC /* GoogleSignInSwift in Frameworks */,
				BE091A472CC11FF800C1A3EC /* FirebaseAuth in Frameworks */,
				BE091A4D2CC11FF800C1A3EC /* FirebaseFirestore in Frameworks */,
				BE091A4B2CC11FF800C1A3EC /* FirebaseDynamicLinks in Frameworks */,
				BE091A522CC12A1800C1A3EC /* GoogleSignIn in Frameworks */,
			);
			runOnlyForDeploymentPostprocessing = 0;
		};
/* End PBXFrameworksBuildPhase section */

/* Begin PBXGroup section */
		BE76A9A32C2A2602009113B4 = {
			isa = PBXGroup;
			children = (
				BE76A9BC2C2A2603009113B4 /* Assets.xcassets */,
				BE76AA412C3E34C6009113B4 /* to_do.txt */,
				BE76A9AE2C2A2602009113B4 /* Chexx */,
				BE76A9AD2C2A2602009113B4 /* Products */,
			);
			sourceTree = "<group>";
		};
		BE76A9AD2C2A2602009113B4 /* Products */ = {
			isa = PBXGroup;
			children = (
				BE76A9AC2C2A2602009113B4 /* Chexx.app */,
			);
			name = Products;
			sourceTree = "<group>";
		};
		BE76A9AE2C2A2602009113B4 /* Chexx */ = {
			isa = PBXGroup;
			children = (
				BE76A9AF2C2A2602009113B4 /* AppDelegate.swift */,
				BE091A562CC2888100C1A3EC /* AuthViewModel.swift */,
				BE091A4E2CC124C500C1A3EC /* GoogleService-Info.plist */,
				BE7EB8C12C47787000D66EB0 /* User Interface */,
				BE7EB8C02C47778100D66EB0 /* Game Logic */,
				BE76A9E32C2A3EDA009113B4 /* Audio */,
				BE76A9BE2C2A2603009113B4 /* LaunchScreen.storyboard */,
				BE76A9B92C2A2602009113B4 /* Main.storyboard */,
				BE94E0EC2C699D36005DCAD3 /* Deprecated */,
				BE76A9E42C2A3EDA009113B4 /* chess_assets_old */,
			);
			path = Chexx;
			sourceTree = "<group>";
		};
		BE76A9D42C2A3EDA009113B4 /* images */ = {
			isa = PBXGroup;
			children = (
				BE76A9C82C2A3EDA009113B4 /* black_bishop.png */,
				BE76A9C92C2A3EDA009113B4 /* black_king.png */,
				BE76A9CA2C2A3EDA009113B4 /* black_knight.png */,
				BE76A9CB2C2A3EDA009113B4 /* black_pawn.png */,
				BE76A9CC2C2A3EDA009113B4 /* black_queen.png */,
				BE76A9CD2C2A3EDA009113B4 /* black_rook.png */,
				BE76A9CE2C2A3EDA009113B4 /* white_bishop.png */,
				BE76A9CF2C2A3EDA009113B4 /* white_king.png */,
				BE76A9D02C2A3EDA009113B4 /* white_knight.png */,
				BE76A9D12C2A3EDA009113B4 /* white_pawn.png */,
				BE76A9D22C2A3EDA009113B4 /* white_queen.png */,
				BE76A9D32C2A3EDA009113B4 /* white_rook.png */,
			);
			path = images;
			sourceTree = "<group>";
		};
		BE76A9E12C2A3EDA009113B4 /* secondary_images */ = {
			isa = PBXGroup;
			children = (
				BE76A9D52C2A3EDA009113B4 /* bb.png */,
				BE76A9D62C2A3EDA009113B4 /* bk.png */,
				BE76A9D72C2A3EDA009113B4 /* bn.png */,
				BE76A9D82C2A3EDA009113B4 /* bp.png */,
				BE76A9D92C2A3EDA009113B4 /* bq.png */,
				BE76A9DA2C2A3EDA009113B4 /* br.png */,
				BE76A9DB2C2A3EDA009113B4 /* wb.png */,
				BE76A9DC2C2A3EDA009113B4 /* wk.png */,
				BE76A9DD2C2A3EDA009113B4 /* wn.png */,
				BE76A9DE2C2A3EDA009113B4 /* wp.png */,
				BE76A9DF2C2A3EDA009113B4 /* wq.png */,
				BE76A9E02C2A3EDA009113B4 /* wr.png */,
			);
			path = secondary_images;
			sourceTree = "<group>";
		};
		BE76A9E32C2A3EDA009113B4 /* Audio */ = {
			isa = PBXGroup;
			children = (
				BEB2FD852C66C08E008BCB26 /* AudioManager.swift */,
				BE7EB8C22C4778DB00D66EB0 /* Background Music */,
				BE94E1332C82F30B005DCAD3 /* Sound Effects */,
				BE7EB8C32C4778F700D66EB0 /* Extra Sound Effects */,
			);
			path = Audio;
			sourceTree = "<group>";
		};
		BE76A9E42C2A3EDA009113B4 /* chess_assets_old */ = {
			isa = PBXGroup;
			children = (
				BE76A9D42C2A3EDA009113B4 /* images */,
				BE76A9E12C2A3EDA009113B4 /* secondary_images */,
			);
			path = chess_assets_old;
			sourceTree = "<group>";
		};
		BE7EB8C02C47778100D66EB0 /* Game Logic */ = {
			isa = PBXGroup;
			children = (
				BE76A9B52C2A2602009113B4 /* GameScene.swift */,
				BE76AA3D2C30DF82009113B4 /* GameState.swift */,
				BE76AA3F2C3720EE009113B4 /* PieceRules.swift */,
			);
			path = "Game Logic";
			sourceTree = "<group>";
		};
		BE7EB8C12C47787000D66EB0 /* User Interface */ = {
			isa = PBXGroup;
			children = (
				BE76AA472C3F07F1009113B4 /* MainMenuView.swift */,
				BE76AA512C462765009113B4 /* BackgroundView.swift */,
				BE76AA4D2C4620F9009113B4 /* SettingsView.swift */,
				BE94E0EA2C692E3A005DCAD3 /* SettingsViewController.swift */,
				BE76AA4F2C4622DE009113B4 /* ProfileView.swift */,
				BEB2FD7F2C653BF4008BCB26 /* PromotionView.swift */,
				BEB2FD812C653C4C008BCB26 /* PromotionViewController.swift */,
				BEB2FD832C6599BB008BCB26 /* GameView.swift */,
			);
			path = "User Interface";
			sourceTree = "<group>";
		};
		BE7EB8C22C4778DB00D66EB0 /* Background Music */ = {
			isa = PBXGroup;
			children = (
				BE76A9E22C2A3EDA009113B4 /* carmen-habanera.mp3 */,
			);
			path = "Background Music";
			sourceTree = "<group>";
		};
		BE7EB8C32C4778F700D66EB0 /* Extra Sound Effects */ = {
			isa = PBXGroup;
			children = (
				BE94E0FE2C82F02D005DCAD3 /* achievement.mp3 */,
				BE94E10A2C82F02D005DCAD3 /* capture.mp3 */,
				BE94E1072C82F02D005DCAD3 /* castle.mp3 */,
				BE94E0F22C82F02D005DCAD3 /* click.mp3 */,
				BE94E0F92C82F02D005DCAD3 /* correct.mp3 */,
				BE94E1092C82F02D005DCAD3 /* decline.mp3 */,
				BE94E0FF2C82F02D005DCAD3 /* drawoffer.mp3 */,
				BE94E1082C82F02D005DCAD3 /* event-end.mp3 */,
				BE94E0F32C82F02D005DCAD3 /* event-start.mp3 */,
				BE94E1002C82F02D005DCAD3 /* event-warning.mp3 */,
				BE94E10D2C82F02D005DCAD3 /* game-draw.mp3 */,
				BE94E0FC2C82F02D005DCAD3 /* game-end.mp3 */,
				BE94E0F42C82F02D005DCAD3 /* game-lose-long.mp3 */,
				BE94E1042C82F02D005DCAD3 /* game-lose.mp3 */,
				BE94E1032C82F02D005DCAD3 /* game-start.mp3 */,
				BE94E0F52C82F02D005DCAD3 /* game-win-long.mp3 */,
				BE94E1062C82F02D005DCAD3 /* game-win.mp3 */,
				BE94E0F12C82F02D005DCAD3 /* illegal.mp3 */,
				BE94E0FD2C82F02D005DCAD3 /* incorrect.mp3 */,
				BE94E0FB2C82F02D005DCAD3 /* lesson-fail.mp3 */,
				BE94E0FA2C82F02D005DCAD3 /* lesson-pass.mp3 */,
				BE94E1052C82F02D005DCAD3 /* move-check.mp3 */,
				BE94E0F02C82F02C005DCAD3 /* move-opponent.mp3 */,
				BE94E10B2C82F02D005DCAD3 /* notification.mp3 */,
				BE94E0EF2C82F02C005DCAD3 /* notify.mp3 */,
				BE94E10C2C82F02D005DCAD3 /* premove.mp3 */,
				BE94E0F62C82F02D005DCAD3 /* promote.mp3 */,
				BE94E0F82C82F02D005DCAD3 /* puzzle-correct-2.mp3 */,
				BE94E1012C82F02D005DCAD3 /* puzzle-correct.mp3 */,
				BE94E1022C82F02D005DCAD3 /* puzzle-wrong.mp3 */,
				BE94E0F72C82F02D005DCAD3 /* scatter.mp3 */,
				BE94E10F2C82F02D005DCAD3 /* shoutout.mp3 */,
				BE94E1102C82F02D005DCAD3 /* tenseconds.mp3 */,
			);
			path = "Extra Sound Effects";
			sourceTree = "<group>";
		};
		BE94E0EC2C699D36005DCAD3 /* Deprecated */ = {
			isa = PBXGroup;
			children = (
				BE76A9B72C2A2602009113B4 /* GameViewController.swift */,
			);
			path = Deprecated;
			sourceTree = "<group>";
		};
		BE94E1332C82F30B005DCAD3 /* Sound Effects */ = {
			isa = PBXGroup;
			children = (
				BE94E10E2C82F02D005DCAD3 /* piece_move.mp3 */,
				BE94E1342C82FE6A005DCAD3 /* worldssmallestviolin.mp3 */,
				BE94E1352C82FE6A005DCAD3 /* alert_from_mgs.mp3 */,
			);
			path = "Sound Effects";
			sourceTree = "<group>";
		};
/* End PBXGroup section */

/* Begin PBXNativeTarget section */
		BE76A9AB2C2A2602009113B4 /* Chexx */ = {
			isa = PBXNativeTarget;
			buildConfigurationList = BE76A9C32C2A2603009113B4 /* Build configuration list for PBXNativeTarget "Chexx" */;
			buildPhases = (
				BE76A9A82C2A2602009113B4 /* Sources */,
				BE76A9A92C2A2602009113B4 /* Frameworks */,
				BE76A9AA2C2A2602009113B4 /* Resources */,
			);
			buildRules = (
			);
			dependencies = (
			);
			name = Chexx;
			productName = Chexx;
			productReference = BE76A9AC2C2A2602009113B4 /* Chexx.app */;
			productType = "com.apple.product-type.application";
		};
/* End PBXNativeTarget section */

/* Begin PBXProject section */
		BE76A9A42C2A2602009113B4 /* Project object */ = {
			isa = PBXProject;
			attributes = {
				BuildIndependentTargetsInParallel = 1;
				LastSwiftUpdateCheck = 1540;
				LastUpgradeCheck = 1540;
				TargetAttributes = {
					BE76A9AB2C2A2602009113B4 = {
						CreatedOnToolsVersion = 15.4;
					};
				};
			};
			buildConfigurationList = BE76A9A72C2A2602009113B4 /* Build configuration list for PBXProject "Chexx" */;
			compatibilityVersion = "Xcode 14.0";
			developmentRegion = en;
			hasScannedForEncodings = 0;
			knownRegions = (
				en,
				Base,
			);
			mainGroup = BE76A9A32C2A2602009113B4;
			packageReferences = (
				BE091A432CC11FF800C1A3EC /* XCRemoteSwiftPackageReference "firebase-ios-sdk" */,
				BE091A502CC12A1800C1A3EC /* XCRemoteSwiftPackageReference "GoogleSignIn-iOS" */,
			);
			productRefGroup = BE76A9AD2C2A2602009113B4 /* Products */;
			projectDirPath = "";
			projectRoot = "";
			targets = (
				BE76A9AB2C2A2602009113B4 /* Chexx */,
			);
		};
/* End PBXProject section */

/* Begin PBXResourcesBuildPhase section */
		BE76A9AA2C2A2602009113B4 /* Resources */ = {
			isa = PBXResourcesBuildPhase;
			buildActionMask = 2147483647;
			files = (
				BE94E11F2C82F02E005DCAD3 /* incorrect.mp3 in Resources */,
				BE76A9FD2C2A3EDA009113B4 /* carmen-habanera.mp3 in Resources */,
				BE94E1282C82F02E005DCAD3 /* game-win.mp3 in Resources */,
				BE94E1112C82F02E005DCAD3 /* notify.mp3 in Resources */,
				BE76A9F92C2A3EDA009113B4 /* wn.png in Resources */,
				BE94E1132C82F02E005DCAD3 /* illegal.mp3 in Resources */,
				BE94E1212C82F02E005DCAD3 /* drawoffer.mp3 in Resources */,
				BE94E12D2C82F02E005DCAD3 /* notification.mp3 in Resources */,
				BE76A9EF2C2A3EDA009113B4 /* white_queen.png in Resources */,
				BE94E1312C82F02E005DCAD3 /* shoutout.mp3 in Resources */,
				BE76A9EB2C2A3EDA009113B4 /* white_bishop.png in Resources */,
				BE76A9EC2C2A3EDA009113B4 /* white_king.png in Resources */,
				BE94E1232C82F02E005DCAD3 /* puzzle-correct.mp3 in Resources */,
				BE94E1372C82FE6A005DCAD3 /* alert_from_mgs.mp3 in Resources */,
				BE94E12E2C82F02E005DCAD3 /* premove.mp3 in Resources */,
				BE76A9E82C2A3EDA009113B4 /* black_pawn.png in Resources */,
				BE94E11D2C82F02E005DCAD3 /* lesson-fail.mp3 in Resources */,
				BE94E1162C82F02E005DCAD3 /* game-lose-long.mp3 in Resources */,
				BE76A9F62C2A3EDA009113B4 /* br.png in Resources */,
				BE76A9F02C2A3EDA009113B4 /* white_rook.png in Resources */,
				BE94E1262C82F02E005DCAD3 /* game-lose.mp3 in Resources */,
				BE94E1182C82F02E005DCAD3 /* promote.mp3 in Resources */,
				BE76A9F42C2A3EDA009113B4 /* bp.png in Resources */,
				BE76A9F32C2A3EDA009113B4 /* bn.png in Resources */,
				BE94E1292C82F02E005DCAD3 /* castle.mp3 in Resources */,
				BE94E12B2C82F02E005DCAD3 /* decline.mp3 in Resources */,
				BE76A9FB2C2A3EDA009113B4 /* wq.png in Resources */,
				BE94E1302C82F02E005DCAD3 /* piece_move.mp3 in Resources */,
				BE94E1222C82F02E005DCAD3 /* event-warning.mp3 in Resources */,
				BE76AA422C3E34C6009113B4 /* to_do.txt in Resources */,
				BE94E1152C82F02E005DCAD3 /* event-start.mp3 in Resources */,
				BE76A9E92C2A3EDA009113B4 /* black_queen.png in Resources */,
				BE94E1172C82F02E005DCAD3 /* game-win-long.mp3 in Resources */,
				BE94E1122C82F02E005DCAD3 /* move-opponent.mp3 in Resources */,
				BE76A9F82C2A3EDA009113B4 /* wk.png in Resources */,
				BE76A9F72C2A3EDA009113B4 /* wb.png in Resources */,
				BE76A9F12C2A3EDA009113B4 /* bb.png in Resources */,
				BE76A9FA2C2A3EDA009113B4 /* wp.png in Resources */,
				BE76A9BB2C2A2602009113B4 /* Base in Resources */,
				BE76A9E62C2A3EDA009113B4 /* black_king.png in Resources */,
				BE94E1362C82FE6A005DCAD3 /* worldssmallestviolin.mp3 in Resources */,
				BE091A4F2CC124C500C1A3EC /* GoogleService-Info.plist in Resources */,
				BE76A9F52C2A3EDA009113B4 /* bq.png in Resources */,
				BE94E11E2C82F02E005DCAD3 /* game-end.mp3 in Resources */,
				BE76A9BD2C2A2603009113B4 /* Assets.xcassets in Resources */,
				BE94E1142C82F02E005DCAD3 /* click.mp3 in Resources */,
				BE76A9E72C2A3EDA009113B4 /* black_knight.png in Resources */,
				BE94E1202C82F02E005DCAD3 /* achievement.mp3 in Resources */,
				BE94E11A2C82F02E005DCAD3 /* puzzle-correct-2.mp3 in Resources */,
				BE94E12C2C82F02E005DCAD3 /* capture.mp3 in Resources */,
				BE76A9ED2C2A3EDA009113B4 /* white_knight.png in Resources */,
				BE76A9EA2C2A3EDA009113B4 /* black_rook.png in Resources */,
				BE94E11C2C82F02E005DCAD3 /* lesson-pass.mp3 in Resources */,
				BE94E1272C82F02E005DCAD3 /* move-check.mp3 in Resources */,
				BE94E12A2C82F02E005DCAD3 /* event-end.mp3 in Resources */,
				BE76A9EE2C2A3EDA009113B4 /* white_pawn.png in Resources */,
				BE94E1192C82F02E005DCAD3 /* scatter.mp3 in Resources */,
				BE94E12F2C82F02E005DCAD3 /* game-draw.mp3 in Resources */,
				BE94E11B2C82F02E005DCAD3 /* correct.mp3 in Resources */,
				BE76A9FC2C2A3EDA009113B4 /* wr.png in Resources */,
				BE94E1252C82F02E005DCAD3 /* game-start.mp3 in Resources */,
				BE76A9F22C2A3EDA009113B4 /* bk.png in Resources */,
				BE94E1242C82F02E005DCAD3 /* puzzle-wrong.mp3 in Resources */,
				BE94E1322C82F02E005DCAD3 /* tenseconds.mp3 in Resources */,
				BE76A9E52C2A3EDA009113B4 /* black_bishop.png in Resources */,
				BE76A9C02C2A2603009113B4 /* Base in Resources */,
			);
			runOnlyForDeploymentPostprocessing = 0;
		};
/* End PBXResourcesBuildPhase section */

/* Begin PBXSourcesBuildPhase section */
		BE76A9A82C2A2602009113B4 /* Sources */ = {
			isa = PBXSourcesBuildPhase;
			buildActionMask = 2147483647;
			files = (
				BEB2FD802C653BF4008BCB26 /* PromotionView.swift in Sources */,
				BE76AA522C462765009113B4 /* BackgroundView.swift in Sources */,
				BE76AA502C4622DE009113B4 /* ProfileView.swift in Sources */,
				BE76AA4E2C4620F9009113B4 /* SettingsView.swift in Sources */,
				BE76AA482C3F07F1009113B4 /* MainMenuView.swift in Sources */,
				BE091A572CC2889700C1A3EC /* AuthViewModel.swift in Sources */,
				BE76A9B62C2A2602009113B4 /* GameScene.swift in Sources */,
				BE76AA3E2C30DF82009113B4 /* GameState.swift in Sources */,
				BE76A9B82C2A2602009113B4 /* GameViewController.swift in Sources */,
				BE76AA402C3720EE009113B4 /* PieceRules.swift in Sources */,
				BE94E0EB2C692E3A005DCAD3 /* SettingsViewController.swift in Sources */,
				BEB2FD822C653C4C008BCB26 /* PromotionViewController.swift in Sources */,
				BEB2FD842C6599BB008BCB26 /* GameView.swift in Sources */,
				BE76A9B02C2A2602009113B4 /* AppDelegate.swift in Sources */,
				BEB2FD862C66C08E008BCB26 /* AudioManager.swift in Sources */,
			);
			runOnlyForDeploymentPostprocessing = 0;
		};
/* End PBXSourcesBuildPhase section */

/* Begin PBXVariantGroup section */
		BE76A9B92C2A2602009113B4 /* Main.storyboard */ = {
			isa = PBXVariantGroup;
			children = (
				BE76A9BA2C2A2602009113B4 /* Base */,
			);
			name = Main.storyboard;
			sourceTree = "<group>";
		};
		BE76A9BE2C2A2603009113B4 /* LaunchScreen.storyboard */ = {
			isa = PBXVariantGroup;
			children = (
				BE76A9BF2C2A2603009113B4 /* Base */,
			);
			name = LaunchScreen.storyboard;
			sourceTree = "<group>";
		};
/* End PBXVariantGroup section */

/* Begin XCBuildConfiguration section */
		BE76A9C12C2A2603009113B4 /* Debug */ = {
			isa = XCBuildConfiguration;
			buildSettings = {
				ALWAYS_SEARCH_USER_PATHS = NO;
				ASSETCATALOG_COMPILER_GENERATE_SWIFT_ASSET_SYMBOL_EXTENSIONS = YES;
				CLANG_ANALYZER_NONNULL = YES;
				CLANG_ANALYZER_NUMBER_OBJECT_CONVERSION = YES_AGGRESSIVE;
				CLANG_CXX_LANGUAGE_STANDARD = "gnu++20";
				CLANG_ENABLE_MODULES = YES;
				CLANG_ENABLE_OBJC_ARC = YES;
				CLANG_ENABLE_OBJC_WEAK = YES;
				CLANG_WARN_BLOCK_CAPTURE_AUTORELEASING = YES;
				CLANG_WARN_BOOL_CONVERSION = YES;
				CLANG_WARN_COMMA = YES;
				CLANG_WARN_CONSTANT_CONVERSION = YES;
				CLANG_WARN_DEPRECATED_OBJC_IMPLEMENTATIONS = YES;
				CLANG_WARN_DIRECT_OBJC_ISA_USAGE = YES_ERROR;
				CLANG_WARN_DOCUMENTATION_COMMENTS = YES;
				CLANG_WARN_EMPTY_BODY = YES;
				CLANG_WARN_ENUM_CONVERSION = YES;
				CLANG_WARN_INFINITE_RECURSION = YES;
				CLANG_WARN_INT_CONVERSION = YES;
				CLANG_WARN_NON_LITERAL_NULL_CONVERSION = YES;
				CLANG_WARN_OBJC_IMPLICIT_RETAIN_SELF = YES;
				CLANG_WARN_OBJC_LITERAL_CONVERSION = YES;
				CLANG_WARN_OBJC_ROOT_CLASS = YES_ERROR;
				CLANG_WARN_QUOTED_INCLUDE_IN_FRAMEWORK_HEADER = YES;
				CLANG_WARN_RANGE_LOOP_ANALYSIS = YES;
				CLANG_WARN_STRICT_PROTOTYPES = YES;
				CLANG_WARN_SUSPICIOUS_MOVE = YES;
				CLANG_WARN_UNGUARDED_AVAILABILITY = YES_AGGRESSIVE;
				CLANG_WARN_UNREACHABLE_CODE = YES;
				CLANG_WARN__DUPLICATE_METHOD_MATCH = YES;
				COPY_PHASE_STRIP = NO;
				DEBUG_INFORMATION_FORMAT = dwarf;
				ENABLE_STRICT_OBJC_MSGSEND = YES;
				ENABLE_TESTABILITY = YES;
				ENABLE_USER_SCRIPT_SANDBOXING = YES;
				GCC_C_LANGUAGE_STANDARD = gnu17;
				GCC_DYNAMIC_NO_PIC = NO;
				GCC_NO_COMMON_BLOCKS = YES;
				GCC_OPTIMIZATION_LEVEL = 0;
				GCC_PREPROCESSOR_DEFINITIONS = (
					"DEBUG=1",
					"$(inherited)",
				);
				GCC_WARN_64_TO_32_BIT_CONVERSION = YES;
				GCC_WARN_ABOUT_RETURN_TYPE = YES_ERROR;
				GCC_WARN_UNDECLARED_SELECTOR = YES;
				GCC_WARN_UNINITIALIZED_AUTOS = YES_AGGRESSIVE;
				GCC_WARN_UNUSED_FUNCTION = YES;
				GCC_WARN_UNUSED_VARIABLE = YES;
				IPHONEOS_DEPLOYMENT_TARGET = 17.5;
				LOCALIZATION_PREFERS_STRING_CATALOGS = YES;
				MTL_ENABLE_DEBUG_INFO = INCLUDE_SOURCE;
				MTL_FAST_MATH = YES;
				ONLY_ACTIVE_ARCH = YES;
				SDKROOT = iphoneos;
				SWIFT_ACTIVE_COMPILATION_CONDITIONS = "DEBUG $(inherited)";
				SWIFT_OPTIMIZATION_LEVEL = "-Onone";
			};
			name = Debug;
		};
		BE76A9C22C2A2603009113B4 /* Release */ = {
			isa = XCBuildConfiguration;
			buildSettings = {
				ALWAYS_SEARCH_USER_PATHS = NO;
				ASSETCATALOG_COMPILER_GENERATE_SWIFT_ASSET_SYMBOL_EXTENSIONS = YES;
				CLANG_ANALYZER_NONNULL = YES;
				CLANG_ANALYZER_NUMBER_OBJECT_CONVERSION = YES_AGGRESSIVE;
				CLANG_CXX_LANGUAGE_STANDARD = "gnu++20";
				CLANG_ENABLE_MODULES = YES;
				CLANG_ENABLE_OBJC_ARC = YES;
				CLANG_ENABLE_OBJC_WEAK = YES;
				CLANG_WARN_BLOCK_CAPTURE_AUTORELEASING = YES;
				CLANG_WARN_BOOL_CONVERSION = YES;
				CLANG_WARN_COMMA = YES;
				CLANG_WARN_CONSTANT_CONVERSION = YES;
				CLANG_WARN_DEPRECATED_OBJC_IMPLEMENTATIONS = YES;
				CLANG_WARN_DIRECT_OBJC_ISA_USAGE = YES_ERROR;
				CLANG_WARN_DOCUMENTATION_COMMENTS = YES;
				CLANG_WARN_EMPTY_BODY = YES;
				CLANG_WARN_ENUM_CONVERSION = YES;
				CLANG_WARN_INFINITE_RECURSION = YES;
				CLANG_WARN_INT_CONVERSION = YES;
				CLANG_WARN_NON_LITERAL_NULL_CONVERSION = YES;
				CLANG_WARN_OBJC_IMPLICIT_RETAIN_SELF = YES;
				CLANG_WARN_OBJC_LITERAL_CONVERSION = YES;
				CLANG_WARN_OBJC_ROOT_CLASS = YES_ERROR;
				CLANG_WARN_QUOTED_INCLUDE_IN_FRAMEWORK_HEADER = YES;
				CLANG_WARN_RANGE_LOOP_ANALYSIS = YES;
				CLANG_WARN_STRICT_PROTOTYPES = YES;
				CLANG_WARN_SUSPICIOUS_MOVE = YES;
				CLANG_WARN_UNGUARDED_AVAILABILITY = YES_AGGRESSIVE;
				CLANG_WARN_UNREACHABLE_CODE = YES;
				CLANG_WARN__DUPLICATE_METHOD_MATCH = YES;
				COPY_PHASE_STRIP = NO;
				DEBUG_INFORMATION_FORMAT = "dwarf-with-dsym";
				ENABLE_NS_ASSERTIONS = NO;
				ENABLE_STRICT_OBJC_MSGSEND = YES;
				ENABLE_USER_SCRIPT_SANDBOXING = YES;
				GCC_C_LANGUAGE_STANDARD = gnu17;
				GCC_NO_COMMON_BLOCKS = YES;
				GCC_WARN_64_TO_32_BIT_CONVERSION = YES;
				GCC_WARN_ABOUT_RETURN_TYPE = YES_ERROR;
				GCC_WARN_UNDECLARED_SELECTOR = YES;
				GCC_WARN_UNINITIALIZED_AUTOS = YES_AGGRESSIVE;
				GCC_WARN_UNUSED_FUNCTION = YES;
				GCC_WARN_UNUSED_VARIABLE = YES;
				IPHONEOS_DEPLOYMENT_TARGET = 17.5;
				LOCALIZATION_PREFERS_STRING_CATALOGS = YES;
				MTL_ENABLE_DEBUG_INFO = NO;
				MTL_FAST_MATH = YES;
				SDKROOT = iphoneos;
				SWIFT_COMPILATION_MODE = wholemodule;
				VALIDATE_PRODUCT = YES;
			};
			name = Release;
		};
		BE76A9C42C2A2603009113B4 /* Debug */ = {
			isa = XCBuildConfiguration;
			buildSettings = {
				ASSETCATALOG_COMPILER_APPICON_NAME = AppIcon;
				ASSETCATALOG_COMPILER_GLOBAL_ACCENT_COLOR_NAME = AccentColor;
				CODE_SIGN_STYLE = Automatic;
				CURRENT_PROJECT_VERSION = 1;
				DEVELOPMENT_TEAM = 4X76DT8A23;
				GENERATE_INFOPLIST_FILE = YES;
				INFOPLIST_FILE = Chexx/Info.plist;
				INFOPLIST_KEY_CFBundleDisplayName = "Hex Chess";
				INFOPLIST_KEY_LSApplicationCategoryType = "public.app-category.strategy-games";
				INFOPLIST_KEY_UIApplicationSupportsIndirectInputEvents = YES;
				INFOPLIST_KEY_UILaunchStoryboardName = LaunchScreen;
				INFOPLIST_KEY_UIMainStoryboardFile = Main;
				INFOPLIST_KEY_UIStatusBarHidden = YES;
				INFOPLIST_KEY_UISupportedInterfaceOrientations_iPad = "UIInterfaceOrientationPortrait UIInterfaceOrientationPortraitUpsideDown UIInterfaceOrientationLandscapeLeft UIInterfaceOrientationLandscapeRight";
				INFOPLIST_KEY_UISupportedInterfaceOrientations_iPhone = "UIInterfaceOrientationPortrait UIInterfaceOrientationLandscapeLeft UIInterfaceOrientationLandscapeRight";
				LD_RUNPATH_SEARCH_PATHS = (
					"$(inherited)",
					"@executable_path/Frameworks",
				);
				MARKETING_VERSION = 1.0;
				PRODUCT_BUNDLE_IDENTIFIER = SawyerChristensen.Chexx;
				PRODUCT_NAME = "$(TARGET_NAME)";
				SWIFT_EMIT_LOC_STRINGS = YES;
				SWIFT_VERSION = 5.0;
				TARGETED_DEVICE_FAMILY = "1,2";
			};
			name = Debug;
		};
		BE76A9C52C2A2603009113B4 /* Release */ = {
			isa = XCBuildConfiguration;
			buildSettings = {
				ASSETCATALOG_COMPILER_APPICON_NAME = AppIcon;
				ASSETCATALOG_COMPILER_GLOBAL_ACCENT_COLOR_NAME = AccentColor;
				CODE_SIGN_STYLE = Automatic;
				CURRENT_PROJECT_VERSION = 1;
				DEVELOPMENT_TEAM = 4X76DT8A23;
				GENERATE_INFOPLIST_FILE = YES;
				INFOPLIST_FILE = Chexx/Info.plist;
				INFOPLIST_KEY_CFBundleDisplayName = "Hex Chess";
				INFOPLIST_KEY_LSApplicationCategoryType = "public.app-category.strategy-games";
				INFOPLIST_KEY_UIApplicationSupportsIndirectInputEvents = YES;
				INFOPLIST_KEY_UILaunchStoryboardName = LaunchScreen;
				INFOPLIST_KEY_UIMainStoryboardFile = Main;
				INFOPLIST_KEY_UIStatusBarHidden = YES;
				INFOPLIST_KEY_UISupportedInterfaceOrientations_iPad = "UIInterfaceOrientationPortrait UIInterfaceOrientationPortraitUpsideDown UIInterfaceOrientationLandscapeLeft UIInterfaceOrientationLandscapeRight";
				INFOPLIST_KEY_UISupportedInterfaceOrientations_iPhone = "UIInterfaceOrientationPortrait UIInterfaceOrientationLandscapeLeft UIInterfaceOrientationLandscapeRight";
				LD_RUNPATH_SEARCH_PATHS = (
					"$(inherited)",
					"@executable_path/Frameworks",
				);
				MARKETING_VERSION = 1.0;
				PRODUCT_BUNDLE_IDENTIFIER = SawyerChristensen.Chexx;
				PRODUCT_NAME = "$(TARGET_NAME)";
				SWIFT_EMIT_LOC_STRINGS = YES;
				SWIFT_VERSION = 5.0;
				TARGETED_DEVICE_FAMILY = "1,2";
			};
			name = Release;
		};
/* End XCBuildConfiguration section */

/* Begin XCConfigurationList section */
		BE76A9A72C2A2602009113B4 /* Build configuration list for PBXProject "Chexx" */ = {
			isa = XCConfigurationList;
			buildConfigurations = (
				BE76A9C12C2A2603009113B4 /* Debug */,
				BE76A9C22C2A2603009113B4 /* Release */,
			);
			defaultConfigurationIsVisible = 0;
			defaultConfigurationName = Release;
		};
		BE76A9C32C2A2603009113B4 /* Build configuration list for PBXNativeTarget "Chexx" */ = {
			isa = XCConfigurationList;
			buildConfigurations = (
				BE76A9C42C2A2603009113B4 /* Debug */,
				BE76A9C52C2A2603009113B4 /* Release */,
			);
			defaultConfigurationIsVisible = 0;
			defaultConfigurationName = Release;
		};
/* End XCConfigurationList section */

/* Begin XCRemoteSwiftPackageReference section */
		BE091A432CC11FF800C1A3EC /* XCRemoteSwiftPackageReference "firebase-ios-sdk" */ = {
			isa = XCRemoteSwiftPackageReference;
			repositoryURL = "https://github.com/firebase/firebase-ios-sdk";
			requirement = {
				kind = upToNextMajorVersion;
				minimumVersion = 11.3.0;
			};
		};
		BE091A502CC12A1800C1A3EC /* XCRemoteSwiftPackageReference "GoogleSignIn-iOS" */ = {
			isa = XCRemoteSwiftPackageReference;
			repositoryURL = "https://github.com/google/GoogleSignIn-iOS";
			requirement = {
				kind = upToNextMajorVersion;
				minimumVersion = 8.0.0;
			};
		};
/* End XCRemoteSwiftPackageReference section */

/* Begin XCSwiftPackageProductDependency section */
		BE091A442CC11FF800C1A3EC /* FirebaseAnalyticsWithoutAdIdSupport */ = {
			isa = XCSwiftPackageProductDependency;
			package = BE091A432CC11FF800C1A3EC /* XCRemoteSwiftPackageReference "firebase-ios-sdk" */;
			productName = FirebaseAnalyticsWithoutAdIdSupport;
		};
		BE091A462CC11FF800C1A3EC /* FirebaseAuth */ = {
			isa = XCSwiftPackageProductDependency;
			package = BE091A432CC11FF800C1A3EC /* XCRemoteSwiftPackageReference "firebase-ios-sdk" */;
			productName = FirebaseAuth;
		};
		BE091A482CC11FF800C1A3EC /* FirebaseCrashlytics */ = {
			isa = XCSwiftPackageProductDependency;
			package = BE091A432CC11FF800C1A3EC /* XCRemoteSwiftPackageReference "firebase-ios-sdk" */;
			productName = FirebaseCrashlytics;
		};
		BE091A4A2CC11FF800C1A3EC /* FirebaseDynamicLinks */ = {
			isa = XCSwiftPackageProductDependency;
			package = BE091A432CC11FF800C1A3EC /* XCRemoteSwiftPackageReference "firebase-ios-sdk" */;
			productName = FirebaseDynamicLinks;
		};
		BE091A4C2CC11FF800C1A3EC /* FirebaseFirestore */ = {
			isa = XCSwiftPackageProductDependency;
			package = BE091A432CC11FF800C1A3EC /* XCRemoteSwiftPackageReference "firebase-ios-sdk" */;
			productName = FirebaseFirestore;
		};
		BE091A512CC12A1800C1A3EC /* GoogleSignIn */ = {
			isa = XCSwiftPackageProductDependency;
			package = BE091A502CC12A1800C1A3EC /* XCRemoteSwiftPackageReference "GoogleSignIn-iOS" */;
			productName = GoogleSignIn;
		};
		BE091A532CC12A1800C1A3EC /* GoogleSignInSwift */ = {
			isa = XCSwiftPackageProductDependency;
			package = BE091A502CC12A1800C1A3EC /* XCRemoteSwiftPackageReference "GoogleSignIn-iOS" */;
			productName = GoogleSignInSwift;
		};
/* End XCSwiftPackageProductDependency section */
	};
	rootObject = BE76A9A42C2A2602009113B4 /* Project object */;
}
